// !$*UTF8*$!
{
	archiveVersion = 1;
	classes = {
	};
	objectVersion = 48;
	objects = {

/* Begin PBXBuildFile section */
		19B1D07F470BC6556012A1F9 /* Pods_Mediquo_Swift_Example_AppUITests.framework in Frameworks */ = {isa = PBXBuildFile; fileRef = 5237912FDDCC9EBBF62EE47D /* Pods_Mediquo_Swift_Example_AppUITests.framework */; };
		1B11E81E6EEBD2CAA0BC0152 /* Pods_Mediquo_Swift_Example_AppTests.framework in Frameworks */ = {isa = PBXBuildFile; fileRef = 4074DE981464D781619C4F0E /* Pods_Mediquo_Swift_Example_AppTests.framework */; };
		27A822BC2A7D1E88000A277A /* ChatBackgroundView.xib in Resources */ = {isa = PBXBuildFile; fileRef = 27A822BA2A7D1E88000A277A /* ChatBackgroundView.xib */; };
		27A822BD2A7D1E88000A277A /* ChatBackgroundView.swift in Sources */ = {isa = PBXBuildFile; fileRef = 27A822BB2A7D1E88000A277A /* ChatBackgroundView.swift */; };
		69BC178A1FBC83380025CC42 /* AppDelegate.swift in Sources */ = {isa = PBXBuildFile; fileRef = 69BC17891FBC83380025CC42 /* AppDelegate.swift */; };
		69BC179F1FBC83380025CC42 /* Mediquo_Swift_Example_AppTests.swift in Sources */ = {isa = PBXBuildFile; fileRef = 69BC179E1FBC83380025CC42 /* Mediquo_Swift_Example_AppTests.swift */; };
		69BC17AA1FBC83380025CC42 /* Mediquo_Swift_Example_AppUITests.swift in Sources */ = {isa = PBXBuildFile; fileRef = 69BC17A91FBC83380025CC42 /* Mediquo_Swift_Example_AppUITests.swift */; };
		69BC17BB1FBC8B6C0025CC42 /* ViewController.swift in Sources */ = {isa = PBXBuildFile; fileRef = 69BC17BA1FBC8B6C0025CC42 /* ViewController.swift */; };
		69BC17BC1FBC8B6C0025CC42 /* ViewController.swift in Sources */ = {isa = PBXBuildFile; fileRef = 69BC17BA1FBC8B6C0025CC42 /* ViewController.swift */; };
		69BC17BD1FBC8B6C0025CC42 /* ViewController.swift in Sources */ = {isa = PBXBuildFile; fileRef = 69BC17BA1FBC8B6C0025CC42 /* ViewController.swift */; };
		69BC17C51FBC8B980025CC42 /* LaunchScreen.storyboard in Resources */ = {isa = PBXBuildFile; fileRef = 69BC17C01FBC8B980025CC42 /* LaunchScreen.storyboard */; };
		69BC17C61FBC8B980025CC42 /* LaunchScreen.storyboard in Resources */ = {isa = PBXBuildFile; fileRef = 69BC17C01FBC8B980025CC42 /* LaunchScreen.storyboard */; };
		69BC17C71FBC8B980025CC42 /* LaunchScreen.storyboard in Resources */ = {isa = PBXBuildFile; fileRef = 69BC17C01FBC8B980025CC42 /* LaunchScreen.storyboard */; };
		69BC17C81FBC8B980025CC42 /* Main.storyboard in Resources */ = {isa = PBXBuildFile; fileRef = 69BC17C21FBC8B980025CC42 /* Main.storyboard */; };
		69BC17C91FBC8B980025CC42 /* Main.storyboard in Resources */ = {isa = PBXBuildFile; fileRef = 69BC17C21FBC8B980025CC42 /* Main.storyboard */; };
		69BC17CA1FBC8B980025CC42 /* Main.storyboard in Resources */ = {isa = PBXBuildFile; fileRef = 69BC17C21FBC8B980025CC42 /* Main.storyboard */; };
		69BC17CB1FBC8B980025CC42 /* Assets.xcassets in Resources */ = {isa = PBXBuildFile; fileRef = 69BC17C41FBC8B980025CC42 /* Assets.xcassets */; };
		69BC17CC1FBC8B980025CC42 /* Assets.xcassets in Resources */ = {isa = PBXBuildFile; fileRef = 69BC17C41FBC8B980025CC42 /* Assets.xcassets */; };
		69BC17CD1FBC8B980025CC42 /* Assets.xcassets in Resources */ = {isa = PBXBuildFile; fileRef = 69BC17C41FBC8B980025CC42 /* Assets.xcassets */; };
		69BC17D21FBC8BC20025CC42 /* Localizable.strings in Resources */ = {isa = PBXBuildFile; fileRef = 69BC17D61FBC8BC20025CC42 /* Localizable.strings */; };
		69BC17D31FBC8BC20025CC42 /* Localizable.strings in Resources */ = {isa = PBXBuildFile; fileRef = 69BC17D61FBC8BC20025CC42 /* Localizable.strings */; };
		69BC17D41FBC8BC20025CC42 /* Localizable.strings in Resources */ = {isa = PBXBuildFile; fileRef = 69BC17D61FBC8BC20025CC42 /* Localizable.strings */; };
		6D74245026E5FBCA0095EB79 /* MediQuo+Credentials.swift in Sources */ = {isa = PBXBuildFile; fileRef = 6D74244F26E5FBC90095EB79 /* MediQuo+Credentials.swift */; };
		6D9F857DD383BCC1BDD6938B /* Pods_Mediquo_Swift_Example_App.framework in Frameworks */ = {isa = PBXBuildFile; fileRef = 9DBE0B2F2EE94EF6F748A525 /* Pods_Mediquo_Swift_Example_App.framework */; };
		7E1C28E026E0B5300053401E /* UIColor+Extension.swift in Sources */ = {isa = PBXBuildFile; fileRef = 7E1C28DF26E0B5300053401E /* UIColor+Extension.swift */; };
		7E1C291126E0BADF0053401E /* UIImage+Extension.swift in Sources */ = {isa = PBXBuildFile; fileRef = 7E1C291026E0BADF0053401E /* UIImage+Extension.swift */; };
		7E1C292626E0E3DD0053401E /* DividerTopContentView.swift in Sources */ = {isa = PBXBuildFile; fileRef = 7E1C292526E0E3DD0053401E /* DividerTopContentView.swift */; };
		7E1C292E26E0E3EB0053401E /* DividerTopContentView.xib in Resources */ = {isa = PBXBuildFile; fileRef = 7E1C292D26E0E3EB0053401E /* DividerTopContentView.xib */; };
		7E1C299826E105810053401E /* DividerContentView.xib in Resources */ = {isa = PBXBuildFile; fileRef = 7E1C299726E105810053401E /* DividerContentView.xib */; };
		7E1C299D26E1058F0053401E /* DividerContentView.swift in Sources */ = {isa = PBXBuildFile; fileRef = 7E1C299C26E1058F0053401E /* DividerContentView.swift */; };
		7E225C1E26DCC15000D54957 /* TabBarMenuViewController.swift in Sources */ = {isa = PBXBuildFile; fileRef = 7E225C1D26DCC15000D54957 /* TabBarMenuViewController.swift */; };
		7E225C2A26DCC5AC00D54957 /* MediquoSwiftExampleAppPlugin.swift in Sources */ = {isa = PBXBuildFile; fileRef = 7E225C2926DCC5AC00D54957 /* MediquoSwiftExampleAppPlugin.swift */; };
		7E5C3A7826CEA7920057DBAD /* MenuOptionSelectorTableViewController.swift in Sources */ = {isa = PBXBuildFile; fileRef = 7E5C3A7726CEA7920057DBAD /* MenuOptionSelectorTableViewController.swift */; };
		7E6C710E26CFAD8900DC46E9 /* MenuOptionSelectorTableViewModel.swift in Sources */ = {isa = PBXBuildFile; fileRef = 7E6C710D26CFAD8900DC46E9 /* MenuOptionSelectorTableViewModel.swift */; };
		7E7D6BCB26F33C0C00871DAD /* FirebaseApplicationDelegate.swift in Sources */ = {isa = PBXBuildFile; fileRef = 7E7D6BCA26F33C0C00871DAD /* FirebaseApplicationDelegate.swift */; };
		7E7D6BDB26F340F900871DAD /* GoogleService-Info.plist in Resources */ = {isa = PBXBuildFile; fileRef = 7E7D6BDA26F340F900871DAD /* GoogleService-Info.plist */; };
		7E7D6BE926F3458500871DAD /* NotificationApplicationDelegate.swift in Sources */ = {isa = PBXBuildFile; fileRef = 7E7D6BE826F3458500871DAD /* NotificationApplicationDelegate.swift */; };
		7E806C3E26C6497A0028EDE7 /* MenuTypeSelectorViewController.swift in Sources */ = {isa = PBXBuildFile; fileRef = 7E806C3D26C6497A0028EDE7 /* MenuTypeSelectorViewController.swift */; };
		7EEAC5B826DE365300AC98C1 /* VideoCallViewController.swift in Sources */ = {isa = PBXBuildFile; fileRef = 7EEAC5B726DE365300AC98C1 /* VideoCallViewController.swift */; };
/* End PBXBuildFile section */

/* Begin PBXContainerItemProxy section */
		69BC179B1FBC83380025CC42 /* PBXContainerItemProxy */ = {
			isa = PBXContainerItemProxy;
			containerPortal = 69BC177E1FBC83380025CC42 /* Project object */;
			proxyType = 1;
			remoteGlobalIDString = 69BC17851FBC83380025CC42;
			remoteInfo = "Mediquo Swift Example App";
		};
		69BC17A61FBC83380025CC42 /* PBXContainerItemProxy */ = {
			isa = PBXContainerItemProxy;
			containerPortal = 69BC177E1FBC83380025CC42 /* Project object */;
			proxyType = 1;
			remoteGlobalIDString = 69BC17851FBC83380025CC42;
			remoteInfo = "Mediquo Swift Example App";
		};
/* End PBXContainerItemProxy section */

/* Begin PBXCopyFilesBuildPhase section */
		273C6CE22A261D47003AAF08 /* Embed Frameworks */ = {
			isa = PBXCopyFilesBuildPhase;
			buildActionMask = 2147483647;
			dstPath = "";
			dstSubfolderSpec = 10;
			files = (
			);
			name = "Embed Frameworks";
			runOnlyForDeploymentPostprocessing = 0;
		};
/* End PBXCopyFilesBuildPhase section */

/* Begin PBXFileReference section */
		214591CDEFB733C506CBD313 /* Pods-Mediquo Swift Example App.release.xcconfig */ = {isa = PBXFileReference; includeInIndex = 1; lastKnownFileType = text.xcconfig; name = "Pods-Mediquo Swift Example App.release.xcconfig"; path = "Target Support Files/Pods-Mediquo Swift Example App/Pods-Mediquo Swift Example App.release.xcconfig"; sourceTree = "<group>"; };
		21B9AC5B294AA9C0D9231595 /* Pods-Mediquo Swift Example AppTests.debug.xcconfig */ = {isa = PBXFileReference; includeInIndex = 1; lastKnownFileType = text.xcconfig; name = "Pods-Mediquo Swift Example AppTests.debug.xcconfig"; path = "Target Support Files/Pods-Mediquo Swift Example AppTests/Pods-Mediquo Swift Example AppTests.debug.xcconfig"; sourceTree = "<group>"; };
		27A822BA2A7D1E88000A277A /* ChatBackgroundView.xib */ = {isa = PBXFileReference; fileEncoding = 4; lastKnownFileType = file.xib; path = ChatBackgroundView.xib; sourceTree = "<group>"; };
		27A822BB2A7D1E88000A277A /* ChatBackgroundView.swift */ = {isa = PBXFileReference; fileEncoding = 4; lastKnownFileType = sourcecode.swift; path = ChatBackgroundView.swift; sourceTree = "<group>"; };
		4074DE981464D781619C4F0E /* Pods_Mediquo_Swift_Example_AppTests.framework */ = {isa = PBXFileReference; explicitFileType = wrapper.framework; includeInIndex = 0; path = Pods_Mediquo_Swift_Example_AppTests.framework; sourceTree = BUILT_PRODUCTS_DIR; };
		5237912FDDCC9EBBF62EE47D /* Pods_Mediquo_Swift_Example_AppUITests.framework */ = {isa = PBXFileReference; explicitFileType = wrapper.framework; includeInIndex = 0; path = Pods_Mediquo_Swift_Example_AppUITests.framework; sourceTree = BUILT_PRODUCTS_DIR; };
		68F363B07145780EC74EC32D /* Pods-Mediquo Swift Example AppUITests.debug.xcconfig */ = {isa = PBXFileReference; includeInIndex = 1; lastKnownFileType = text.xcconfig; name = "Pods-Mediquo Swift Example AppUITests.debug.xcconfig"; path = "Target Support Files/Pods-Mediquo Swift Example AppUITests/Pods-Mediquo Swift Example AppUITests.debug.xcconfig"; sourceTree = "<group>"; };
		69BC17861FBC83380025CC42 /* Mediquo Swift Example App.app */ = {isa = PBXFileReference; explicitFileType = wrapper.application; includeInIndex = 0; path = "Mediquo Swift Example App.app"; sourceTree = BUILT_PRODUCTS_DIR; };
		69BC17891FBC83380025CC42 /* AppDelegate.swift */ = {isa = PBXFileReference; lastKnownFileType = sourcecode.swift; path = AppDelegate.swift; sourceTree = "<group>"; };
		69BC17951FBC83380025CC42 /* Info.plist */ = {isa = PBXFileReference; lastKnownFileType = text.plist.xml; path = Info.plist; sourceTree = "<group>"; };
		69BC179A1FBC83380025CC42 /* Mediquo Swift Example AppTests.xctest */ = {isa = PBXFileReference; explicitFileType = wrapper.cfbundle; includeInIndex = 0; path = "Mediquo Swift Example AppTests.xctest"; sourceTree = BUILT_PRODUCTS_DIR; };
		69BC179E1FBC83380025CC42 /* Mediquo_Swift_Example_AppTests.swift */ = {isa = PBXFileReference; lastKnownFileType = sourcecode.swift; path = Mediquo_Swift_Example_AppTests.swift; sourceTree = "<group>"; };
		69BC17A01FBC83380025CC42 /* Info.plist */ = {isa = PBXFileReference; lastKnownFileType = text.plist.xml; path = Info.plist; sourceTree = "<group>"; };
		69BC17A51FBC83380025CC42 /* Mediquo Swift Example AppUITests.xctest */ = {isa = PBXFileReference; explicitFileType = wrapper.cfbundle; includeInIndex = 0; path = "Mediquo Swift Example AppUITests.xctest"; sourceTree = BUILT_PRODUCTS_DIR; };
		69BC17A91FBC83380025CC42 /* Mediquo_Swift_Example_AppUITests.swift */ = {isa = PBXFileReference; lastKnownFileType = sourcecode.swift; path = Mediquo_Swift_Example_AppUITests.swift; sourceTree = "<group>"; };
		69BC17AB1FBC83380025CC42 /* Info.plist */ = {isa = PBXFileReference; lastKnownFileType = text.plist.xml; path = Info.plist; sourceTree = "<group>"; };
		69BC17BA1FBC8B6C0025CC42 /* ViewController.swift */ = {isa = PBXFileReference; fileEncoding = 4; lastKnownFileType = sourcecode.swift; path = ViewController.swift; sourceTree = "<group>"; };
		69BC17C11FBC8B980025CC42 /* Base */ = {isa = PBXFileReference; lastKnownFileType = file.storyboard; name = Base; path = LaunchScreen.storyboard; sourceTree = "<group>"; };
		69BC17C31FBC8B980025CC42 /* Base */ = {isa = PBXFileReference; lastKnownFileType = file.storyboard; name = Base; path = Main.storyboard; sourceTree = "<group>"; };
		69BC17C41FBC8B980025CC42 /* Assets.xcassets */ = {isa = PBXFileReference; lastKnownFileType = folder.assetcatalog; path = Assets.xcassets; sourceTree = "<group>"; };
		69BC17D51FBC8BC20025CC42 /* en */ = {isa = PBXFileReference; lastKnownFileType = text.plist.strings; name = en; path = en.lproj/Localizable.strings; sourceTree = "<group>"; };
		69BC17D71FBC8BDC0025CC42 /* es */ = {isa = PBXFileReference; lastKnownFileType = text.plist.strings; name = es; path = ../es.lproj/LaunchScreen.strings; sourceTree = "<group>"; };
		69BC17D81FBC8BDC0025CC42 /* es */ = {isa = PBXFileReference; lastKnownFileType = text.plist.strings; name = es; path = ../es.lproj/Main.strings; sourceTree = "<group>"; };
		69BC17D91FBC8BDD0025CC42 /* es */ = {isa = PBXFileReference; lastKnownFileType = text.plist.strings; name = es; path = es.lproj/Localizable.strings; sourceTree = "<group>"; };
		6D74244F26E5FBC90095EB79 /* MediQuo+Credentials.swift */ = {isa = PBXFileReference; fileEncoding = 4; lastKnownFileType = sourcecode.swift; path = "MediQuo+Credentials.swift"; sourceTree = "<group>"; };
		7E1C28DF26E0B5300053401E /* UIColor+Extension.swift */ = {isa = PBXFileReference; lastKnownFileType = sourcecode.swift; path = "UIColor+Extension.swift"; sourceTree = "<group>"; };
		7E1C291026E0BADF0053401E /* UIImage+Extension.swift */ = {isa = PBXFileReference; lastKnownFileType = sourcecode.swift; path = "UIImage+Extension.swift"; sourceTree = "<group>"; };
		7E1C292526E0E3DD0053401E /* DividerTopContentView.swift */ = {isa = PBXFileReference; lastKnownFileType = sourcecode.swift; path = DividerTopContentView.swift; sourceTree = "<group>"; };
		7E1C292D26E0E3EB0053401E /* DividerTopContentView.xib */ = {isa = PBXFileReference; lastKnownFileType = file.xib; path = DividerTopContentView.xib; sourceTree = "<group>"; };
		7E1C299726E105810053401E /* DividerContentView.xib */ = {isa = PBXFileReference; lastKnownFileType = file.xib; path = DividerContentView.xib; sourceTree = "<group>"; };
		7E1C299C26E1058F0053401E /* DividerContentView.swift */ = {isa = PBXFileReference; lastKnownFileType = sourcecode.swift; path = DividerContentView.swift; sourceTree = "<group>"; };
		7E225C1D26DCC15000D54957 /* TabBarMenuViewController.swift */ = {isa = PBXFileReference; lastKnownFileType = sourcecode.swift; path = TabBarMenuViewController.swift; sourceTree = "<group>"; };
		7E225C2926DCC5AC00D54957 /* MediquoSwiftExampleAppPlugin.swift */ = {isa = PBXFileReference; lastKnownFileType = sourcecode.swift; path = MediquoSwiftExampleAppPlugin.swift; sourceTree = "<group>"; };
		7E5C3A7726CEA7920057DBAD /* MenuOptionSelectorTableViewController.swift */ = {isa = PBXFileReference; lastKnownFileType = sourcecode.swift; path = MenuOptionSelectorTableViewController.swift; sourceTree = "<group>"; };
		7E6C710D26CFAD8900DC46E9 /* MenuOptionSelectorTableViewModel.swift */ = {isa = PBXFileReference; lastKnownFileType = sourcecode.swift; path = MenuOptionSelectorTableViewModel.swift; sourceTree = "<group>"; };
		7E7D6BCA26F33C0C00871DAD /* FirebaseApplicationDelegate.swift */ = {isa = PBXFileReference; lastKnownFileType = sourcecode.swift; path = FirebaseApplicationDelegate.swift; sourceTree = "<group>"; };
		7E7D6BDA26F340F900871DAD /* GoogleService-Info.plist */ = {isa = PBXFileReference; fileEncoding = 4; lastKnownFileType = text.plist.xml; path = "GoogleService-Info.plist"; sourceTree = "<group>"; };
		7E7D6BE826F3458500871DAD /* NotificationApplicationDelegate.swift */ = {isa = PBXFileReference; lastKnownFileType = sourcecode.swift; path = NotificationApplicationDelegate.swift; sourceTree = "<group>"; };
		7E7D6BF026F3876700871DAD /* Mediquo Swift Example AppDebug.entitlements */ = {isa = PBXFileReference; lastKnownFileType = text.plist.entitlements; path = "Mediquo Swift Example AppDebug.entitlements"; sourceTree = "<group>"; };
		7E806C3D26C6497A0028EDE7 /* MenuTypeSelectorViewController.swift */ = {isa = PBXFileReference; lastKnownFileType = sourcecode.swift; path = MenuTypeSelectorViewController.swift; sourceTree = "<group>"; };
		7EEAC5B726DE365300AC98C1 /* VideoCallViewController.swift */ = {isa = PBXFileReference; lastKnownFileType = sourcecode.swift; path = VideoCallViewController.swift; sourceTree = "<group>"; };
		80D60363CF1B655591F73685 /* Pods-Mediquo Swift Example AppTests.release.xcconfig */ = {isa = PBXFileReference; includeInIndex = 1; lastKnownFileType = text.xcconfig; name = "Pods-Mediquo Swift Example AppTests.release.xcconfig"; path = "Target Support Files/Pods-Mediquo Swift Example AppTests/Pods-Mediquo Swift Example AppTests.release.xcconfig"; sourceTree = "<group>"; };
		83F43FB0656EFFFB0A47571D /* Pods-Mediquo Swift Example AppUITests.release.xcconfig */ = {isa = PBXFileReference; includeInIndex = 1; lastKnownFileType = text.xcconfig; name = "Pods-Mediquo Swift Example AppUITests.release.xcconfig"; path = "Target Support Files/Pods-Mediquo Swift Example AppUITests/Pods-Mediquo Swift Example AppUITests.release.xcconfig"; sourceTree = "<group>"; };
		8545498AB9B2004D7A3EA2A8 /* Pods-Mediquo Swift Example App.debug.xcconfig */ = {isa = PBXFileReference; includeInIndex = 1; lastKnownFileType = text.xcconfig; name = "Pods-Mediquo Swift Example App.debug.xcconfig"; path = "Target Support Files/Pods-Mediquo Swift Example App/Pods-Mediquo Swift Example App.debug.xcconfig"; sourceTree = "<group>"; };
		9DBE0B2F2EE94EF6F748A525 /* Pods_Mediquo_Swift_Example_App.framework */ = {isa = PBXFileReference; explicitFileType = wrapper.framework; includeInIndex = 0; path = Pods_Mediquo_Swift_Example_App.framework; sourceTree = BUILT_PRODUCTS_DIR; };
/* End PBXFileReference section */

/* Begin PBXFrameworksBuildPhase section */
		69BC17831FBC83380025CC42 /* Frameworks */ = {
			isa = PBXFrameworksBuildPhase;
			buildActionMask = 2147483647;
			files = (
				6D9F857DD383BCC1BDD6938B /* Pods_Mediquo_Swift_Example_App.framework in Frameworks */,
			);
			runOnlyForDeploymentPostprocessing = 0;
		};
		69BC17971FBC83380025CC42 /* Frameworks */ = {
			isa = PBXFrameworksBuildPhase;
			buildActionMask = 2147483647;
			files = (
				1B11E81E6EEBD2CAA0BC0152 /* Pods_Mediquo_Swift_Example_AppTests.framework in Frameworks */,
			);
			runOnlyForDeploymentPostprocessing = 0;
		};
		69BC17A21FBC83380025CC42 /* Frameworks */ = {
			isa = PBXFrameworksBuildPhase;
			buildActionMask = 2147483647;
			files = (
				19B1D07F470BC6556012A1F9 /* Pods_Mediquo_Swift_Example_AppUITests.framework in Frameworks */,
			);
			runOnlyForDeploymentPostprocessing = 0;
		};
/* End PBXFrameworksBuildPhase section */

/* Begin PBXGroup section */
		244DF87289879117DD9812F0 /* Pods */ = {
			isa = PBXGroup;
			children = (
				8545498AB9B2004D7A3EA2A8 /* Pods-Mediquo Swift Example App.debug.xcconfig */,
				214591CDEFB733C506CBD313 /* Pods-Mediquo Swift Example App.release.xcconfig */,
				21B9AC5B294AA9C0D9231595 /* Pods-Mediquo Swift Example AppTests.debug.xcconfig */,
				80D60363CF1B655591F73685 /* Pods-Mediquo Swift Example AppTests.release.xcconfig */,
				68F363B07145780EC74EC32D /* Pods-Mediquo Swift Example AppUITests.debug.xcconfig */,
				83F43FB0656EFFFB0A47571D /* Pods-Mediquo Swift Example AppUITests.release.xcconfig */,
			);
			path = Pods;
			sourceTree = "<group>";
		};
		279BCBEB29F6E4C100121947 /* Frameworks */ = {
			isa = PBXGroup;
			children = (
				9DBE0B2F2EE94EF6F748A525 /* Pods_Mediquo_Swift_Example_App.framework */,
				4074DE981464D781619C4F0E /* Pods_Mediquo_Swift_Example_AppTests.framework */,
				5237912FDDCC9EBBF62EE47D /* Pods_Mediquo_Swift_Example_AppUITests.framework */,
			);
			name = Frameworks;
			sourceTree = "<group>";
		};
		279BF8F82A01426300DC400E /* Packages */ = {
			isa = PBXGroup;
			children = (
			);
			name = Packages;
			sourceTree = "<group>";
		};
		69BC177D1FBC83380025CC42 = {
			isa = PBXGroup;
			children = (
				279BF8F82A01426300DC400E /* Packages */,
				69BC17881FBC83380025CC42 /* Mediquo Swift Example App */,
				69BC179D1FBC83380025CC42 /* Mediquo Swift Example AppTests */,
				69BC17A81FBC83380025CC42 /* Mediquo Swift Example AppUITests */,
				69BC17871FBC83380025CC42 /* Products */,
				279BCBEB29F6E4C100121947 /* Frameworks */,
				244DF87289879117DD9812F0 /* Pods */,
			);
			sourceTree = "<group>";
		};
		69BC17871FBC83380025CC42 /* Products */ = {
			isa = PBXGroup;
			children = (
				69BC17861FBC83380025CC42 /* Mediquo Swift Example App.app */,
				69BC179A1FBC83380025CC42 /* Mediquo Swift Example AppTests.xctest */,
				69BC17A51FBC83380025CC42 /* Mediquo Swift Example AppUITests.xctest */,
			);
			name = Products;
			sourceTree = "<group>";
		};
		69BC17881FBC83380025CC42 /* Mediquo Swift Example App */ = {
			isa = PBXGroup;
			children = (
				7E7D6BF026F3876700871DAD /* Mediquo Swift Example AppDebug.entitlements */,
				7E225C2726DCC58A00D54957 /* Source */,
				7E7D6BDA26F340F900871DAD /* GoogleService-Info.plist */,
				69BC17951FBC83380025CC42 /* Info.plist */,
				69BC17891FBC83380025CC42 /* AppDelegate.swift */,
				7E7D6BCA26F33C0C00871DAD /* FirebaseApplicationDelegate.swift */,
				7E7D6BE826F3458500871DAD /* NotificationApplicationDelegate.swift */,
				69BC17B91FBC8B5E0025CC42 /* Controllers */,
				7E6C710C26CFAD6100DC46E9 /* ViewModels */,
				D585EEF321E6164A00D3A21B /* Extensions */,
				69BC17BE1FBC8B7C0025CC42 /* Resources */,
			);
			path = "Mediquo Swift Example App";
			sourceTree = "<group>";
		};
		69BC179D1FBC83380025CC42 /* Mediquo Swift Example AppTests */ = {
			isa = PBXGroup;
			children = (
				69BC179E1FBC83380025CC42 /* Mediquo_Swift_Example_AppTests.swift */,
				69BC17A01FBC83380025CC42 /* Info.plist */,
			);
			path = "Mediquo Swift Example AppTests";
			sourceTree = "<group>";
		};
		69BC17A81FBC83380025CC42 /* Mediquo Swift Example AppUITests */ = {
			isa = PBXGroup;
			children = (
				69BC17A91FBC83380025CC42 /* Mediquo_Swift_Example_AppUITests.swift */,
				69BC17AB1FBC83380025CC42 /* Info.plist */,
			);
			path = "Mediquo Swift Example AppUITests";
			sourceTree = "<group>";
		};
		69BC17B91FBC8B5E0025CC42 /* Controllers */ = {
			isa = PBXGroup;
			children = (
				69BC17BA1FBC8B6C0025CC42 /* ViewController.swift */,
				7E806C3D26C6497A0028EDE7 /* MenuTypeSelectorViewController.swift */,
				7E5C3A7726CEA7920057DBAD /* MenuOptionSelectorTableViewController.swift */,
				7E225C1D26DCC15000D54957 /* TabBarMenuViewController.swift */,
				7EEAC5B726DE365300AC98C1 /* VideoCallViewController.swift */,
			);
			path = Controllers;
			sourceTree = "<group>";
		};
		69BC17BE1FBC8B7C0025CC42 /* Resources */ = {
			isa = PBXGroup;
			children = (
				7E1C292426E0E3BC0053401E /* Views */,
				69BC17C41FBC8B980025CC42 /* Assets.xcassets */,
				69BC17BF1FBC8B980025CC42 /* Base.lproj */,
				69BC17D61FBC8BC20025CC42 /* Localizable.strings */,
			);
			path = Resources;
			sourceTree = "<group>";
		};
		69BC17BF1FBC8B980025CC42 /* Base.lproj */ = {
			isa = PBXGroup;
			children = (
				69BC17C01FBC8B980025CC42 /* LaunchScreen.storyboard */,
				69BC17C21FBC8B980025CC42 /* Main.storyboard */,
			);
			path = Base.lproj;
			sourceTree = "<group>";
		};
		7E1C292426E0E3BC0053401E /* Views */ = {
			isa = PBXGroup;
			children = (
				27A822BB2A7D1E88000A277A /* ChatBackgroundView.swift */,
				27A822BA2A7D1E88000A277A /* ChatBackgroundView.xib */,
				7E1C292526E0E3DD0053401E /* DividerTopContentView.swift */,
				7E1C292D26E0E3EB0053401E /* DividerTopContentView.xib */,
				7E1C299726E105810053401E /* DividerContentView.xib */,
				7E1C299C26E1058F0053401E /* DividerContentView.swift */,
			);
			path = Views;
			sourceTree = "<group>";
		};
		7E225C2726DCC58A00D54957 /* Source */ = {
			isa = PBXGroup;
			children = (
				7E225C2826DCC59500D54957 /* Plugin */,
			);
			path = Source;
			sourceTree = "<group>";
		};
		7E225C2826DCC59500D54957 /* Plugin */ = {
			isa = PBXGroup;
			children = (
				7E225C2926DCC5AC00D54957 /* MediquoSwiftExampleAppPlugin.swift */,
			);
			path = Plugin;
			sourceTree = "<group>";
		};
		7E6C710C26CFAD6100DC46E9 /* ViewModels */ = {
			isa = PBXGroup;
			children = (
				7E6C710D26CFAD8900DC46E9 /* MenuOptionSelectorTableViewModel.swift */,
			);
			path = ViewModels;
			sourceTree = "<group>";
		};
		D585EEF321E6164A00D3A21B /* Extensions */ = {
			isa = PBXGroup;
			children = (
				6D74244F26E5FBC90095EB79 /* MediQuo+Credentials.swift */,
				7E1C28DF26E0B5300053401E /* UIColor+Extension.swift */,
				7E1C291026E0BADF0053401E /* UIImage+Extension.swift */,
			);
			path = Extensions;
			sourceTree = "<group>";
		};
/* End PBXGroup section */

/* Begin PBXNativeTarget section */
		69BC17851FBC83380025CC42 /* Mediquo Swift Example App */ = {
			isa = PBXNativeTarget;
			buildConfigurationList = 69BC17AE1FBC83380025CC42 /* Build configuration list for PBXNativeTarget "Mediquo Swift Example App" */;
			buildPhases = (
				31F40F9C04641B857ABE8230 /* [CP] Check Pods Manifest.lock */,
				69BC17821FBC83380025CC42 /* Sources */,
				69BC17831FBC83380025CC42 /* Frameworks */,
				69BC17841FBC83380025CC42 /* Resources */,
				273C6CE22A261D47003AAF08 /* Embed Frameworks */,
				FE3C8CF6D1CE8570AAB31C46 /* [CP] Embed Pods Frameworks */,
			);
			buildRules = (
			);
			dependencies = (
			);
			name = "Mediquo Swift Example App";
			productName = "Mediquo Swift Example App";
			productReference = 69BC17861FBC83380025CC42 /* Mediquo Swift Example App.app */;
			productType = "com.apple.product-type.application";
		};
		69BC17991FBC83380025CC42 /* Mediquo Swift Example AppTests */ = {
			isa = PBXNativeTarget;
			buildConfigurationList = 69BC17B11FBC83380025CC42 /* Build configuration list for PBXNativeTarget "Mediquo Swift Example AppTests" */;
			buildPhases = (
				FEE9730D44A2ACB5BA876F3A /* [CP] Check Pods Manifest.lock */,
				69BC17961FBC83380025CC42 /* Sources */,
				69BC17971FBC83380025CC42 /* Frameworks */,
				69BC17981FBC83380025CC42 /* Resources */,
			);
			buildRules = (
			);
			dependencies = (
				69BC179C1FBC83380025CC42 /* PBXTargetDependency */,
			);
			name = "Mediquo Swift Example AppTests";
			productName = "Mediquo Swift Example AppTests";
			productReference = 69BC179A1FBC83380025CC42 /* Mediquo Swift Example AppTests.xctest */;
			productType = "com.apple.product-type.bundle.unit-test";
		};
		69BC17A41FBC83380025CC42 /* Mediquo Swift Example AppUITests */ = {
			isa = PBXNativeTarget;
			buildConfigurationList = 69BC17B41FBC83380025CC42 /* Build configuration list for PBXNativeTarget "Mediquo Swift Example AppUITests" */;
			buildPhases = (
				2FBA431CD9D04A1B52004096 /* [CP] Check Pods Manifest.lock */,
				69BC17A11FBC83380025CC42 /* Sources */,
				69BC17A21FBC83380025CC42 /* Frameworks */,
				69BC17A31FBC83380025CC42 /* Resources */,
				27A10BF02AA8B6E800CDFFE0 /* Delete Languages */,
			);
			buildRules = (
			);
			dependencies = (
				69BC17A71FBC83380025CC42 /* PBXTargetDependency */,
			);
			name = "Mediquo Swift Example AppUITests";
			productName = "Mediquo Swift Example AppUITests";
			productReference = 69BC17A51FBC83380025CC42 /* Mediquo Swift Example AppUITests.xctest */;
			productType = "com.apple.product-type.bundle.ui-testing";
		};
/* End PBXNativeTarget section */

/* Begin PBXProject section */
		69BC177E1FBC83380025CC42 /* Project object */ = {
			isa = PBXProject;
			attributes = {
				LastSwiftUpdateCheck = 0910;
				LastUpgradeCheck = 1010;
				ORGANIZATIONNAME = "Edgar Paz Moreno";
				TargetAttributes = {
					69BC17851FBC83380025CC42 = {
						CreatedOnToolsVersion = 9.1;
						ProvisioningStyle = Automatic;
						SystemCapabilities = {
							com.apple.BackgroundModes = {
								enabled = 1;
							};
						};
					};
					69BC17991FBC83380025CC42 = {
						CreatedOnToolsVersion = 9.1;
						ProvisioningStyle = Automatic;
						TestTargetID = 69BC17851FBC83380025CC42;
					};
					69BC17A41FBC83380025CC42 = {
						CreatedOnToolsVersion = 9.1;
						ProvisioningStyle = Automatic;
						TestTargetID = 69BC17851FBC83380025CC42;
					};
				};
			};
			buildConfigurationList = 69BC17811FBC83380025CC42 /* Build configuration list for PBXProject "Mediquo Swift Example App" */;
			compatibilityVersion = "Xcode 8.0";
			developmentRegion = en;
			hasScannedForEncodings = 0;
			knownRegions = (
				en,
				Base,
				es,
			);
			mainGroup = 69BC177D1FBC83380025CC42;
			productRefGroup = 69BC17871FBC83380025CC42 /* Products */;
			projectDirPath = "";
			projectRoot = "";
			targets = (
				69BC17851FBC83380025CC42 /* Mediquo Swift Example App */,
				69BC17991FBC83380025CC42 /* Mediquo Swift Example AppTests */,
				69BC17A41FBC83380025CC42 /* Mediquo Swift Example AppUITests */,
			);
		};
/* End PBXProject section */

/* Begin PBXResourcesBuildPhase section */
		69BC17841FBC83380025CC42 /* Resources */ = {
			isa = PBXResourcesBuildPhase;
			buildActionMask = 2147483647;
			files = (
				69BC17C51FBC8B980025CC42 /* LaunchScreen.storyboard in Resources */,
				7E7D6BDB26F340F900871DAD /* GoogleService-Info.plist in Resources */,
				27A822BC2A7D1E88000A277A /* ChatBackgroundView.xib in Resources */,
				7E1C292E26E0E3EB0053401E /* DividerTopContentView.xib in Resources */,
				7E1C299826E105810053401E /* DividerContentView.xib in Resources */,
				69BC17D21FBC8BC20025CC42 /* Localizable.strings in Resources */,
				69BC17CB1FBC8B980025CC42 /* Assets.xcassets in Resources */,
				69BC17C81FBC8B980025CC42 /* Main.storyboard in Resources */,
			);
			runOnlyForDeploymentPostprocessing = 0;
		};
		69BC17981FBC83380025CC42 /* Resources */ = {
			isa = PBXResourcesBuildPhase;
			buildActionMask = 2147483647;
			files = (
				69BC17C61FBC8B980025CC42 /* LaunchScreen.storyboard in Resources */,
				69BC17D31FBC8BC20025CC42 /* Localizable.strings in Resources */,
				69BC17CC1FBC8B980025CC42 /* Assets.xcassets in Resources */,
				69BC17C91FBC8B980025CC42 /* Main.storyboard in Resources */,
			);
			runOnlyForDeploymentPostprocessing = 0;
		};
		69BC17A31FBC83380025CC42 /* Resources */ = {
			isa = PBXResourcesBuildPhase;
			buildActionMask = 2147483647;
			files = (
				69BC17C71FBC8B980025CC42 /* LaunchScreen.storyboard in Resources */,
				69BC17D41FBC8BC20025CC42 /* Localizable.strings in Resources */,
				69BC17CD1FBC8B980025CC42 /* Assets.xcassets in Resources */,
				69BC17CA1FBC8B980025CC42 /* Main.storyboard in Resources */,
			);
			runOnlyForDeploymentPostprocessing = 0;
		};
/* End PBXResourcesBuildPhase section */

/* Begin PBXShellScriptBuildPhase section */
		27A10BF02AA8B6E800CDFFE0 /* Delete Languages */ = {
			isa = PBXShellScriptBuildPhase;
			buildActionMask = 2147483647;
			files = (
			);
			inputFileListPaths = (
			);
			inputPaths = (
			);
			name = "Delete Languages";
			outputFileListPaths = (
			);
			outputPaths = (
			);
			runOnlyForDeploymentPostprocessing = 0;
			shellPath = /bin/sh;
			shellScript = "# Type a script or drag a script file from your workspace to insert its path. \n#supportedLanguages=(\"es\", \"pt\", \"en\", \"ar\", \"ca-ES\")\nsupportedLanguages=(\"es\")\n# App languages\nallFiles=($(ls ${TARGET_BUILD_DIR}/${PRODUCT_NAME}.app/ | grep .proj))\n\nfor currentLanguage in ${supportedLanguages[@]} \ndo\n    for file in \"${allFiles[@]}\"; do\n        echo \"check element: $file\"\n        if [[ $file == *\"$currentLanguage\"* ]]; then\n            echo \"valid language: $file\"\n            allFiles=( \"${allFiles[@]/$file/}\" )\n        fi\n    done\ndone\n\necho \"languages to remove: ${allFiles[@]}\"\nfor file in ${allFiles[@]}\ndo\n    echo \"remove file: $file\"\n    rm -r ${TARGET_BUILD_DIR}/${PRODUCT_NAME}.app/\"$file\"\ndone\n\n\n# SwiftDates languages\nallDateFiles=($(ls ${TARGET_BUILD_DIR}/${PRODUCT_NAME}.app/Frameworks/SwiftDate.framework/SwiftDate.bundle/ | grep .proj))\n\nfor currentLanguage in ${supportedLanguages[@]} \ndo\n    for file in \"${allDateFiles[@]}\"; do\n        echo \"check element: $file\"\n        if [[ $file == *\"$currentLanguage\"* ]]; then\n            echo \"valid language: $file\"\n            allDateFiles=( \"${allDateFiles[@]/$file/}\" )\n        fi\n    done\ndone\n\necho \"languages to remove: ${allDateFiles[@]}\"\nfor file in ${allDateFiles[@]}\ndo\n    echo \"remove file: $file\"\n    rm -r ${TARGET_BUILD_DIR}/${PRODUCT_NAME}.app/Frameworks/SwiftDate.framework/SwiftDate.bundle/\"$file\"\ndone\n\n";
		};
		2FBA431CD9D04A1B52004096 /* [CP] Check Pods Manifest.lock */ = {
			isa = PBXShellScriptBuildPhase;
			buildActionMask = 2147483647;
			files = (
			);
			inputFileListPaths = (
			);
			inputPaths = (
				"${PODS_PODFILE_DIR_PATH}/Podfile.lock",
				"${PODS_ROOT}/Manifest.lock",
			);
			name = "[CP] Check Pods Manifest.lock";
			outputFileListPaths = (
			);
			outputPaths = (
				"$(DERIVED_FILE_DIR)/Pods-Mediquo Swift Example AppUITests-checkManifestLockResult.txt",
			);
			runOnlyForDeploymentPostprocessing = 0;
			shellPath = /bin/sh;
			shellScript = "diff \"${PODS_PODFILE_DIR_PATH}/Podfile.lock\" \"${PODS_ROOT}/Manifest.lock\" > /dev/null\nif [ $? != 0 ] ; then\n    # print error to STDERR\n    echo \"error: The sandbox is not in sync with the Podfile.lock. Run 'pod install' or update your CocoaPods installation.\" >&2\n    exit 1\nfi\n# This output is used by Xcode 'outputs' to avoid re-running this script phase.\necho \"SUCCESS\" > \"${SCRIPT_OUTPUT_FILE_0}\"\n";
			showEnvVarsInLog = 0;
		};
		31F40F9C04641B857ABE8230 /* [CP] Check Pods Manifest.lock */ = {
			isa = PBXShellScriptBuildPhase;
			buildActionMask = 2147483647;
			files = (
			);
			inputFileListPaths = (
			);
			inputPaths = (
				"${PODS_PODFILE_DIR_PATH}/Podfile.lock",
				"${PODS_ROOT}/Manifest.lock",
			);
			name = "[CP] Check Pods Manifest.lock";
			outputFileListPaths = (
			);
			outputPaths = (
				"$(DERIVED_FILE_DIR)/Pods-Mediquo Swift Example App-checkManifestLockResult.txt",
			);
			runOnlyForDeploymentPostprocessing = 0;
			shellPath = /bin/sh;
			shellScript = "diff \"${PODS_PODFILE_DIR_PATH}/Podfile.lock\" \"${PODS_ROOT}/Manifest.lock\" > /dev/null\nif [ $? != 0 ] ; then\n    # print error to STDERR\n    echo \"error: The sandbox is not in sync with the Podfile.lock. Run 'pod install' or update your CocoaPods installation.\" >&2\n    exit 1\nfi\n# This output is used by Xcode 'outputs' to avoid re-running this script phase.\necho \"SUCCESS\" > \"${SCRIPT_OUTPUT_FILE_0}\"\n";
			showEnvVarsInLog = 0;
		};
		FE3C8CF6D1CE8570AAB31C46 /* [CP] Embed Pods Frameworks */ = {
			isa = PBXShellScriptBuildPhase;
			buildActionMask = 2147483647;
			files = (
			);
			inputPaths = (
				"${PODS_ROOT}/Target Support Files/Pods-Mediquo Swift Example App/Pods-Mediquo Swift Example App-frameworks.sh",
				"${BUILT_PRODUCTS_DIR}/FirebaseCore/FirebaseCore.framework",
				"${BUILT_PRODUCTS_DIR}/FirebaseCoreExtension/FirebaseCoreExtension.framework",
				"${BUILT_PRODUCTS_DIR}/FirebaseCoreInternal/FirebaseCoreInternal.framework",
				"${BUILT_PRODUCTS_DIR}/FirebaseCrashlytics/FirebaseCrashlytics.framework",
				"${BUILT_PRODUCTS_DIR}/FirebaseInstallations/FirebaseInstallations.framework",
				"${BUILT_PRODUCTS_DIR}/FirebaseMessaging/FirebaseMessaging.framework",
				"${BUILT_PRODUCTS_DIR}/FirebaseSessions/FirebaseSessions.framework",
				"${BUILT_PRODUCTS_DIR}/GoogleDataTransport/GoogleDataTransport.framework",
				"${BUILT_PRODUCTS_DIR}/GoogleUtilities/GoogleUtilities.framework",
				"${BUILT_PRODUCTS_DIR}/PromisesObjC/FBLPromises.framework",
				"${BUILT_PRODUCTS_DIR}/PromisesSwift/Promises.framework",
				"${BUILT_PRODUCTS_DIR}/Realm/Realm.framework",
				"${BUILT_PRODUCTS_DIR}/RealmSwift/RealmSwift.framework",
				"${BUILT_PRODUCTS_DIR}/RxBlocking/RxBlocking.framework",
				"${BUILT_PRODUCTS_DIR}/RxSwift/RxSwift.framework",
				"${BUILT_PRODUCTS_DIR}/Socket.IO-Client-Swift/SocketIO.framework",
				"${BUILT_PRODUCTS_DIR}/Starscream/Starscream.framework",
				"${BUILT_PRODUCTS_DIR}/nanopb/nanopb.framework",
				"${PODS_XCFRAMEWORKS_BUILD_DIR}/MDChatSDK/MDChatSDK.framework/MDChatSDK",
			);
			name = "[CP] Embed Pods Frameworks";
			outputPaths = (
				"${TARGET_BUILD_DIR}/${FRAMEWORKS_FOLDER_PATH}/FirebaseCore.framework",
				"${TARGET_BUILD_DIR}/${FRAMEWORKS_FOLDER_PATH}/FirebaseCoreExtension.framework",
				"${TARGET_BUILD_DIR}/${FRAMEWORKS_FOLDER_PATH}/FirebaseCoreInternal.framework",
				"${TARGET_BUILD_DIR}/${FRAMEWORKS_FOLDER_PATH}/FirebaseCrashlytics.framework",
				"${TARGET_BUILD_DIR}/${FRAMEWORKS_FOLDER_PATH}/FirebaseInstallations.framework",
				"${TARGET_BUILD_DIR}/${FRAMEWORKS_FOLDER_PATH}/FirebaseMessaging.framework",
				"${TARGET_BUILD_DIR}/${FRAMEWORKS_FOLDER_PATH}/FirebaseSessions.framework",
				"${TARGET_BUILD_DIR}/${FRAMEWORKS_FOLDER_PATH}/GoogleDataTransport.framework",
				"${TARGET_BUILD_DIR}/${FRAMEWORKS_FOLDER_PATH}/GoogleUtilities.framework",
				"${TARGET_BUILD_DIR}/${FRAMEWORKS_FOLDER_PATH}/FBLPromises.framework",
				"${TARGET_BUILD_DIR}/${FRAMEWORKS_FOLDER_PATH}/Promises.framework",
				"${TARGET_BUILD_DIR}/${FRAMEWORKS_FOLDER_PATH}/Realm.framework",
				"${TARGET_BUILD_DIR}/${FRAMEWORKS_FOLDER_PATH}/RealmSwift.framework",
				"${TARGET_BUILD_DIR}/${FRAMEWORKS_FOLDER_PATH}/RxBlocking.framework",
				"${TARGET_BUILD_DIR}/${FRAMEWORKS_FOLDER_PATH}/RxSwift.framework",
				"${TARGET_BUILD_DIR}/${FRAMEWORKS_FOLDER_PATH}/SocketIO.framework",
				"${TARGET_BUILD_DIR}/${FRAMEWORKS_FOLDER_PATH}/Starscream.framework",
				"${TARGET_BUILD_DIR}/${FRAMEWORKS_FOLDER_PATH}/nanopb.framework",
				"${TARGET_BUILD_DIR}/${FRAMEWORKS_FOLDER_PATH}/MDChatSDK.framework",
			);
			runOnlyForDeploymentPostprocessing = 0;
			shellPath = /bin/sh;
			shellScript = "\"${PODS_ROOT}/Target Support Files/Pods-Mediquo Swift Example App/Pods-Mediquo Swift Example App-frameworks.sh\"\n";
			showEnvVarsInLog = 0;
		};
		FEE9730D44A2ACB5BA876F3A /* [CP] Check Pods Manifest.lock */ = {
			isa = PBXShellScriptBuildPhase;
			buildActionMask = 2147483647;
			files = (
			);
			inputFileListPaths = (
			);
			inputPaths = (
				"${PODS_PODFILE_DIR_PATH}/Podfile.lock",
				"${PODS_ROOT}/Manifest.lock",
			);
			name = "[CP] Check Pods Manifest.lock";
			outputFileListPaths = (
			);
			outputPaths = (
				"$(DERIVED_FILE_DIR)/Pods-Mediquo Swift Example AppTests-checkManifestLockResult.txt",
			);
			runOnlyForDeploymentPostprocessing = 0;
			shellPath = /bin/sh;
			shellScript = "diff \"${PODS_PODFILE_DIR_PATH}/Podfile.lock\" \"${PODS_ROOT}/Manifest.lock\" > /dev/null\nif [ $? != 0 ] ; then\n    # print error to STDERR\n    echo \"error: The sandbox is not in sync with the Podfile.lock. Run 'pod install' or update your CocoaPods installation.\" >&2\n    exit 1\nfi\n# This output is used by Xcode 'outputs' to avoid re-running this script phase.\necho \"SUCCESS\" > \"${SCRIPT_OUTPUT_FILE_0}\"\n";
			showEnvVarsInLog = 0;
		};
/* End PBXShellScriptBuildPhase section */

/* Begin PBXSourcesBuildPhase section */
		69BC17821FBC83380025CC42 /* Sources */ = {
			isa = PBXSourcesBuildPhase;
			buildActionMask = 2147483647;
			files = (
				69BC17BB1FBC8B6C0025CC42 /* ViewController.swift in Sources */,
				7E225C1E26DCC15000D54957 /* TabBarMenuViewController.swift in Sources */,
				7E225C2A26DCC5AC00D54957 /* MediquoSwiftExampleAppPlugin.swift in Sources */,
				7E1C291126E0BADF0053401E /* UIImage+Extension.swift in Sources */,
				7E1C28E026E0B5300053401E /* UIColor+Extension.swift in Sources */,
				6D74245026E5FBCA0095EB79 /* MediQuo+Credentials.swift in Sources */,
				7E7D6BE926F3458500871DAD /* NotificationApplicationDelegate.swift in Sources */,
				7E7D6BCB26F33C0C00871DAD /* FirebaseApplicationDelegate.swift in Sources */,
				69BC178A1FBC83380025CC42 /* AppDelegate.swift in Sources */,
				7E1C299D26E1058F0053401E /* DividerContentView.swift in Sources */,
				7E1C292626E0E3DD0053401E /* DividerTopContentView.swift in Sources */,
				7E6C710E26CFAD8900DC46E9 /* MenuOptionSelectorTableViewModel.swift in Sources */,
				7E5C3A7826CEA7920057DBAD /* MenuOptionSelectorTableViewController.swift in Sources */,
				7EEAC5B826DE365300AC98C1 /* VideoCallViewController.swift in Sources */,
				27A822BD2A7D1E88000A277A /* ChatBackgroundView.swift in Sources */,
				7E806C3E26C6497A0028EDE7 /* MenuTypeSelectorViewController.swift in Sources */,
			);
			runOnlyForDeploymentPostprocessing = 0;
		};
		69BC17961FBC83380025CC42 /* Sources */ = {
			isa = PBXSourcesBuildPhase;
			buildActionMask = 2147483647;
			files = (
				69BC17BC1FBC8B6C0025CC42 /* ViewController.swift in Sources */,
				69BC179F1FBC83380025CC42 /* Mediquo_Swift_Example_AppTests.swift in Sources */,
			);
			runOnlyForDeploymentPostprocessing = 0;
		};
		69BC17A11FBC83380025CC42 /* Sources */ = {
			isa = PBXSourcesBuildPhase;
			buildActionMask = 2147483647;
			files = (
				69BC17BD1FBC8B6C0025CC42 /* ViewController.swift in Sources */,
				69BC17AA1FBC83380025CC42 /* Mediquo_Swift_Example_AppUITests.swift in Sources */,
			);
			runOnlyForDeploymentPostprocessing = 0;
		};
/* End PBXSourcesBuildPhase section */

/* Begin PBXTargetDependency section */
		69BC179C1FBC83380025CC42 /* PBXTargetDependency */ = {
			isa = PBXTargetDependency;
			target = 69BC17851FBC83380025CC42 /* Mediquo Swift Example App */;
			targetProxy = 69BC179B1FBC83380025CC42 /* PBXContainerItemProxy */;
		};
		69BC17A71FBC83380025CC42 /* PBXTargetDependency */ = {
			isa = PBXTargetDependency;
			target = 69BC17851FBC83380025CC42 /* Mediquo Swift Example App */;
			targetProxy = 69BC17A61FBC83380025CC42 /* PBXContainerItemProxy */;
		};
/* End PBXTargetDependency section */

/* Begin PBXVariantGroup section */
		69BC17C01FBC8B980025CC42 /* LaunchScreen.storyboard */ = {
			isa = PBXVariantGroup;
			children = (
				69BC17C11FBC8B980025CC42 /* Base */,
				69BC17D71FBC8BDC0025CC42 /* es */,
			);
			name = LaunchScreen.storyboard;
			sourceTree = "<group>";
		};
		69BC17C21FBC8B980025CC42 /* Main.storyboard */ = {
			isa = PBXVariantGroup;
			children = (
				69BC17C31FBC8B980025CC42 /* Base */,
				69BC17D81FBC8BDC0025CC42 /* es */,
			);
			name = Main.storyboard;
			sourceTree = "<group>";
		};
		69BC17D61FBC8BC20025CC42 /* Localizable.strings */ = {
			isa = PBXVariantGroup;
			children = (
				69BC17D51FBC8BC20025CC42 /* en */,
				69BC17D91FBC8BDD0025CC42 /* es */,
			);
			name = Localizable.strings;
			sourceTree = "<group>";
		};
/* End PBXVariantGroup section */

/* Begin XCBuildConfiguration section */
		69BC17AC1FBC83380025CC42 /* Debug */ = {
			isa = XCBuildConfiguration;
			buildSettings = {
				ALWAYS_SEARCH_USER_PATHS = NO;
				CLANG_ANALYZER_LOCALIZABILITY_NONLOCALIZED = YES;
				CLANG_ANALYZER_NONNULL = YES;
				CLANG_ANALYZER_NUMBER_OBJECT_CONVERSION = YES_AGGRESSIVE;
				CLANG_CXX_LANGUAGE_STANDARD = "gnu++14";
				CLANG_CXX_LIBRARY = "libc++";
				CLANG_ENABLE_MODULES = YES;
				CLANG_ENABLE_OBJC_ARC = YES;
				CLANG_WARN_BLOCK_CAPTURE_AUTORELEASING = YES;
				CLANG_WARN_BOOL_CONVERSION = YES;
				CLANG_WARN_COMMA = YES;
				CLANG_WARN_CONSTANT_CONVERSION = YES;
				CLANG_WARN_DEPRECATED_OBJC_IMPLEMENTATIONS = YES;
				CLANG_WARN_DIRECT_OBJC_ISA_USAGE = YES_ERROR;
				CLANG_WARN_DOCUMENTATION_COMMENTS = YES;
				CLANG_WARN_EMPTY_BODY = YES;
				CLANG_WARN_ENUM_CONVERSION = YES;
				CLANG_WARN_INFINITE_RECURSION = YES;
				CLANG_WARN_INT_CONVERSION = YES;
				CLANG_WARN_NON_LITERAL_NULL_CONVERSION = YES;
				CLANG_WARN_OBJC_IMPLICIT_RETAIN_SELF = YES;
				CLANG_WARN_OBJC_LITERAL_CONVERSION = YES;
				CLANG_WARN_OBJC_ROOT_CLASS = YES_ERROR;
				CLANG_WARN_RANGE_LOOP_ANALYSIS = YES;
				CLANG_WARN_STRICT_PROTOTYPES = YES;
				CLANG_WARN_SUSPICIOUS_MOVE = YES;
				CLANG_WARN_UNGUARDED_AVAILABILITY = YES_AGGRESSIVE;
				CLANG_WARN_UNREACHABLE_CODE = YES;
				CLANG_WARN__DUPLICATE_METHOD_MATCH = YES;
				CODE_SIGN_IDENTITY = "iPhone Developer";
				COPY_PHASE_STRIP = NO;
				DEBUG_INFORMATION_FORMAT = dwarf;
				ENABLE_STRICT_OBJC_MSGSEND = YES;
				ENABLE_TESTABILITY = YES;
				GCC_C_LANGUAGE_STANDARD = gnu11;
				GCC_DYNAMIC_NO_PIC = NO;
				GCC_NO_COMMON_BLOCKS = YES;
				GCC_OPTIMIZATION_LEVEL = 0;
				GCC_PREPROCESSOR_DEFINITIONS = (
					"DEBUG=1",
					"$(inherited)",
				);
				GCC_WARN_64_TO_32_BIT_CONVERSION = YES;
				GCC_WARN_ABOUT_RETURN_TYPE = YES_ERROR;
				GCC_WARN_UNDECLARED_SELECTOR = YES;
				GCC_WARN_UNINITIALIZED_AUTOS = YES_AGGRESSIVE;
				GCC_WARN_UNUSED_FUNCTION = YES;
				GCC_WARN_UNUSED_VARIABLE = YES;
				IPHONEOS_DEPLOYMENT_TARGET = 10.0;
				MTL_ENABLE_DEBUG_INFO = YES;
				ONLY_ACTIVE_ARCH = YES;
				SDKROOT = iphoneos;
				SWIFT_ACTIVE_COMPILATION_CONDITIONS = DEBUG;
				SWIFT_OPTIMIZATION_LEVEL = "-Onone";
				SWIFT_VERSION = 5.0;
				VALID_ARCHS = "arm64 x86_64";
			};
			name = Debug;
		};
		69BC17AD1FBC83380025CC42 /* Release */ = {
			isa = XCBuildConfiguration;
			buildSettings = {
				ALWAYS_SEARCH_USER_PATHS = NO;
				CLANG_ANALYZER_LOCALIZABILITY_NONLOCALIZED = YES;
				CLANG_ANALYZER_NONNULL = YES;
				CLANG_ANALYZER_NUMBER_OBJECT_CONVERSION = YES_AGGRESSIVE;
				CLANG_CXX_LANGUAGE_STANDARD = "gnu++14";
				CLANG_CXX_LIBRARY = "libc++";
				CLANG_ENABLE_MODULES = YES;
				CLANG_ENABLE_OBJC_ARC = YES;
				CLANG_WARN_BLOCK_CAPTURE_AUTORELEASING = YES;
				CLANG_WARN_BOOL_CONVERSION = YES;
				CLANG_WARN_COMMA = YES;
				CLANG_WARN_CONSTANT_CONVERSION = YES;
				CLANG_WARN_DEPRECATED_OBJC_IMPLEMENTATIONS = YES;
				CLANG_WARN_DIRECT_OBJC_ISA_USAGE = YES_ERROR;
				CLANG_WARN_DOCUMENTATION_COMMENTS = YES;
				CLANG_WARN_EMPTY_BODY = YES;
				CLANG_WARN_ENUM_CONVERSION = YES;
				CLANG_WARN_INFINITE_RECURSION = YES;
				CLANG_WARN_INT_CONVERSION = YES;
				CLANG_WARN_NON_LITERAL_NULL_CONVERSION = YES;
				CLANG_WARN_OBJC_IMPLICIT_RETAIN_SELF = YES;
				CLANG_WARN_OBJC_LITERAL_CONVERSION = YES;
				CLANG_WARN_OBJC_ROOT_CLASS = YES_ERROR;
				CLANG_WARN_RANGE_LOOP_ANALYSIS = YES;
				CLANG_WARN_STRICT_PROTOTYPES = YES;
				CLANG_WARN_SUSPICIOUS_MOVE = YES;
				CLANG_WARN_UNGUARDED_AVAILABILITY = YES_AGGRESSIVE;
				CLANG_WARN_UNREACHABLE_CODE = YES;
				CLANG_WARN__DUPLICATE_METHOD_MATCH = YES;
				CODE_SIGN_IDENTITY = "iPhone Developer";
				COPY_PHASE_STRIP = NO;
				DEBUG_INFORMATION_FORMAT = "dwarf-with-dsym";
				ENABLE_NS_ASSERTIONS = NO;
				ENABLE_STRICT_OBJC_MSGSEND = YES;
				GCC_C_LANGUAGE_STANDARD = gnu11;
				GCC_NO_COMMON_BLOCKS = YES;
				GCC_WARN_64_TO_32_BIT_CONVERSION = YES;
				GCC_WARN_ABOUT_RETURN_TYPE = YES_ERROR;
				GCC_WARN_UNDECLARED_SELECTOR = YES;
				GCC_WARN_UNINITIALIZED_AUTOS = YES_AGGRESSIVE;
				GCC_WARN_UNUSED_FUNCTION = YES;
				GCC_WARN_UNUSED_VARIABLE = YES;
				IPHONEOS_DEPLOYMENT_TARGET = 10.0;
				MTL_ENABLE_DEBUG_INFO = NO;
				SDKROOT = iphoneos;
				SWIFT_OPTIMIZATION_LEVEL = "-Owholemodule";
				SWIFT_VERSION = 5.0;
				VALIDATE_PRODUCT = YES;
				VALID_ARCHS = "arm64 x86_64";
			};
			name = Release;
		};
		69BC17AF1FBC83380025CC42 /* Debug */ = {
			isa = XCBuildConfiguration;
			baseConfigurationReference = 8545498AB9B2004D7A3EA2A8 /* Pods-Mediquo Swift Example App.debug.xcconfig */;
			buildSettings = {
				ASSETCATALOG_COMPILER_APPICON_NAME = AppIcon;
				CODE_SIGN_ENTITLEMENTS = "Mediquo Swift Example App/Mediquo Swift Example AppDebug.entitlements";
				CODE_SIGN_STYLE = Automatic;
				DEVELOPMENT_TEAM = 7386W3K6BN;
				INFOPLIST_FILE = "Mediquo Swift Example App/Info.plist";
				IPHONEOS_DEPLOYMENT_TARGET = 13.0;
				LD_RUNPATH_SEARCH_PATHS = "$(inherited) @executable_path/Frameworks";
				PRODUCT_BUNDLE_IDENTIFIER = com.proyectoejemplo.main;
				PRODUCT_NAME = "$(TARGET_NAME)";
				SUPPORTED_PLATFORMS = "iphoneos iphonesimulator";
				SUPPORTS_MACCATALYST = NO;
				SUPPORTS_MAC_DESIGNED_FOR_IPHONE_IPAD = NO;
				SWIFT_VERSION = 5.0;
				TARGETED_DEVICE_FAMILY = 1;
				VALID_ARCHS = "arm64 x86_64";
			};
			name = Debug;
		};
		69BC17B01FBC83380025CC42 /* Release */ = {
			isa = XCBuildConfiguration;
			baseConfigurationReference = 214591CDEFB733C506CBD313 /* Pods-Mediquo Swift Example App.release.xcconfig */;
			buildSettings = {
				ASSETCATALOG_COMPILER_APPICON_NAME = AppIcon;
				CODE_SIGN_STYLE = Automatic;
				DEVELOPMENT_TEAM = 7386W3K6BN;
				INFOPLIST_FILE = "Mediquo Swift Example App/Info.plist";
				IPHONEOS_DEPLOYMENT_TARGET = 13.0;
				LD_RUNPATH_SEARCH_PATHS = "$(inherited) @executable_path/Frameworks";
				ONLY_ACTIVE_ARCH = YES;
				PRODUCT_BUNDLE_IDENTIFIER = com.proyectoejemplo.main;
				PRODUCT_NAME = "$(TARGET_NAME)";
				SUPPORTED_PLATFORMS = "iphoneos iphonesimulator";
				SUPPORTS_MACCATALYST = NO;
				SUPPORTS_MAC_DESIGNED_FOR_IPHONE_IPAD = NO;
				SWIFT_VERSION = 5.0;
				TARGETED_DEVICE_FAMILY = 1;
				VALID_ARCHS = "arm64 x86_64";
			};
			name = Release;
		};
		69BC17B21FBC83380025CC42 /* Debug */ = {
			isa = XCBuildConfiguration;
			baseConfigurationReference = 21B9AC5B294AA9C0D9231595 /* Pods-Mediquo Swift Example AppTests.debug.xcconfig */;
			buildSettings = {
				BUNDLE_LOADER = "$(TEST_HOST)";
				CODE_SIGN_STYLE = Automatic;
				INFOPLIST_FILE = "Mediquo Swift Example AppTests/Info.plist";
				LD_RUNPATH_SEARCH_PATHS = "$(inherited) @executable_path/Frameworks @loader_path/Frameworks";
				PRODUCT_BUNDLE_IDENTIFIER = "iSalud.Mediquo-Swift-Example-AppTests";
				PRODUCT_NAME = "$(TARGET_NAME)";
				SUPPORTED_PLATFORMS = "iphoneos iphonesimulator";
				SUPPORTS_MACCATALYST = NO;
				SUPPORTS_MAC_DESIGNED_FOR_IPHONE_IPAD = NO;
				SWIFT_VERSION = 4.0;
				TARGETED_DEVICE_FAMILY = 1;
				TEST_HOST = "$(BUILT_PRODUCTS_DIR)/Mediquo Swift Example App.app/Mediquo Swift Example App";
			};
			name = Debug;
		};
		69BC17B31FBC83380025CC42 /* Release */ = {
			isa = XCBuildConfiguration;
			baseConfigurationReference = 80D60363CF1B655591F73685 /* Pods-Mediquo Swift Example AppTests.release.xcconfig */;
			buildSettings = {
				BUNDLE_LOADER = "$(TEST_HOST)";
				CODE_SIGN_STYLE = Automatic;
				INFOPLIST_FILE = "Mediquo Swift Example AppTests/Info.plist";
				LD_RUNPATH_SEARCH_PATHS = "$(inherited) @executable_path/Frameworks @loader_path/Frameworks";
				PRODUCT_BUNDLE_IDENTIFIER = "iSalud.Mediquo-Swift-Example-AppTests";
				PRODUCT_NAME = "$(TARGET_NAME)";
				SUPPORTED_PLATFORMS = "iphoneos iphonesimulator";
				SUPPORTS_MACCATALYST = NO;
				SUPPORTS_MAC_DESIGNED_FOR_IPHONE_IPAD = NO;
				SWIFT_VERSION = 4.0;
				TARGETED_DEVICE_FAMILY = 1;
				TEST_HOST = "$(BUILT_PRODUCTS_DIR)/Mediquo Swift Example App.app/Mediquo Swift Example App";
			};
			name = Release;
		};
		69BC17B51FBC83380025CC42 /* Debug */ = {
			isa = XCBuildConfiguration;
			baseConfigurationReference = 68F363B07145780EC74EC32D /* Pods-Mediquo Swift Example AppUITests.debug.xcconfig */;
			buildSettings = {
				CODE_SIGN_STYLE = Automatic;
				INFOPLIST_FILE = "Mediquo Swift Example AppUITests/Info.plist";
				LD_RUNPATH_SEARCH_PATHS = "$(inherited) @executable_path/Frameworks @loader_path/Frameworks";
				PRODUCT_BUNDLE_IDENTIFIER = "iSalud.Mediquo-Swift-Example-AppUITests";
				PRODUCT_NAME = "$(TARGET_NAME)";
				SWIFT_VERSION = 4.0;
				TARGETED_DEVICE_FAMILY = "1,2";
				TEST_TARGET_NAME = "Mediquo Swift Example App";
			};
			name = Debug;
		};
		69BC17B61FBC83380025CC42 /* Release */ = {
			isa = XCBuildConfiguration;
			baseConfigurationReference = 83F43FB0656EFFFB0A47571D /* Pods-Mediquo Swift Example AppUITests.release.xcconfig */;
			buildSettings = {
				CODE_SIGN_STYLE = Automatic;
				INFOPLIST_FILE = "Mediquo Swift Example AppUITests/Info.plist";
				LD_RUNPATH_SEARCH_PATHS = "$(inherited) @executable_path/Frameworks @loader_path/Frameworks";
				PRODUCT_BUNDLE_IDENTIFIER = "iSalud.Mediquo-Swift-Example-AppUITests";
				PRODUCT_NAME = "$(TARGET_NAME)";
				SWIFT_VERSION = 4.0;
				TARGETED_DEVICE_FAMILY = "1,2";
				TEST_TARGET_NAME = "Mediquo Swift Example App";
			};
			name = Release;
		};
/* End XCBuildConfiguration section */

/* Begin XCConfigurationList section */
		69BC17811FBC83380025CC42 /* Build configuration list for PBXProject "Mediquo Swift Example App" */ = {
			isa = XCConfigurationList;
			buildConfigurations = (
				69BC17AC1FBC83380025CC42 /* Debug */,
				69BC17AD1FBC83380025CC42 /* Release */,
			);
			defaultConfigurationIsVisible = 0;
			defaultConfigurationName = Release;
		};
		69BC17AE1FBC83380025CC42 /* Build configuration list for PBXNativeTarget "Mediquo Swift Example App" */ = {
			isa = XCConfigurationList;
			buildConfigurations = (
				69BC17AF1FBC83380025CC42 /* Debug */,
				69BC17B01FBC83380025CC42 /* Release */,
			);
			defaultConfigurationIsVisible = 0;
			defaultConfigurationName = Release;
		};
		69BC17B11FBC83380025CC42 /* Build configuration list for PBXNativeTarget "Mediquo Swift Example AppTests" */ = {
			isa = XCConfigurationList;
			buildConfigurations = (
				69BC17B21FBC83380025CC42 /* Debug */,
				69BC17B31FBC83380025CC42 /* Release */,
			);
			defaultConfigurationIsVisible = 0;
			defaultConfigurationName = Release;
		};
		69BC17B41FBC83380025CC42 /* Build configuration list for PBXNativeTarget "Mediquo Swift Example AppUITests" */ = {
			isa = XCConfigurationList;
			buildConfigurations = (
				69BC17B51FBC83380025CC42 /* Debug */,
				69BC17B61FBC83380025CC42 /* Release */,
			);
			defaultConfigurationIsVisible = 0;
			defaultConfigurationName = Release;
		};
/* End XCConfigurationList section */
	};
	rootObject = 69BC177E1FBC83380025CC42 /* Project object */;
}
