// !$*UTF8*$!
{
	archiveVersion = 1;
	classes = {
	};
	objectVersion = 48;
	objects = {

/* Begin PBXBuildFile section */
		18AC3A1438B11C1460E263E3 /* Pods_MDSwiftExampleAppUITests.framework in Frameworks */ = {isa = PBXBuildFile; fileRef = 6883D54886D889658F728247 /* Pods_MDSwiftExampleAppUITests.framework */; };
		69BC178A1FBC83380025CC42 /* AppDelegate.swift in Sources */ = {isa = PBXBuildFile; fileRef = 69BC17891FBC83380025CC42 /* AppDelegate.swift */; };
		69BC179F1FBC83380025CC42 /* MDSwiftExampleAppTests.swift in Sources */ = {isa = PBXBuildFile; fileRef = 69BC179E1FBC83380025CC42 /* MDSwiftExampleAppTests.swift */; };
		69BC17AA1FBC83380025CC42 /* MDSwiftExampleAppUITests.swift in Sources */ = {isa = PBXBuildFile; fileRef = 69BC17A91FBC83380025CC42 /* MDSwiftExampleAppUITests.swift */; };
		69BC17BB1FBC8B6C0025CC42 /* ViewController.swift in Sources */ = {isa = PBXBuildFile; fileRef = 69BC17BA1FBC8B6C0025CC42 /* ViewController.swift */; };
		69BC17BC1FBC8B6C0025CC42 /* ViewController.swift in Sources */ = {isa = PBXBuildFile; fileRef = 69BC17BA1FBC8B6C0025CC42 /* ViewController.swift */; };
		69BC17BD1FBC8B6C0025CC42 /* ViewController.swift in Sources */ = {isa = PBXBuildFile; fileRef = 69BC17BA1FBC8B6C0025CC42 /* ViewController.swift */; };
		69BC17C51FBC8B980025CC42 /* LaunchScreen.storyboard in Resources */ = {isa = PBXBuildFile; fileRef = 69BC17C01FBC8B980025CC42 /* LaunchScreen.storyboard */; };
		69BC17C61FBC8B980025CC42 /* LaunchScreen.storyboard in Resources */ = {isa = PBXBuildFile; fileRef = 69BC17C01FBC8B980025CC42 /* LaunchScreen.storyboard */; };
		69BC17C71FBC8B980025CC42 /* LaunchScreen.storyboard in Resources */ = {isa = PBXBuildFile; fileRef = 69BC17C01FBC8B980025CC42 /* LaunchScreen.storyboard */; };
		69BC17C81FBC8B980025CC42 /* Main.storyboard in Resources */ = {isa = PBXBuildFile; fileRef = 69BC17C21FBC8B980025CC42 /* Main.storyboard */; };
		69BC17C91FBC8B980025CC42 /* Main.storyboard in Resources */ = {isa = PBXBuildFile; fileRef = 69BC17C21FBC8B980025CC42 /* Main.storyboard */; };
		69BC17CA1FBC8B980025CC42 /* Main.storyboard in Resources */ = {isa = PBXBuildFile; fileRef = 69BC17C21FBC8B980025CC42 /* Main.storyboard */; };
		69BC17CB1FBC8B980025CC42 /* Assets.xcassets in Resources */ = {isa = PBXBuildFile; fileRef = 69BC17C41FBC8B980025CC42 /* Assets.xcassets */; };
		69BC17CC1FBC8B980025CC42 /* Assets.xcassets in Resources */ = {isa = PBXBuildFile; fileRef = 69BC17C41FBC8B980025CC42 /* Assets.xcassets */; };
		69BC17CD1FBC8B980025CC42 /* Assets.xcassets in Resources */ = {isa = PBXBuildFile; fileRef = 69BC17C41FBC8B980025CC42 /* Assets.xcassets */; };
		69BC17D21FBC8BC20025CC42 /* Localizable.strings in Resources */ = {isa = PBXBuildFile; fileRef = 69BC17D61FBC8BC20025CC42 /* Localizable.strings */; };
		69BC17D31FBC8BC20025CC42 /* Localizable.strings in Resources */ = {isa = PBXBuildFile; fileRef = 69BC17D61FBC8BC20025CC42 /* Localizable.strings */; };
		69BC17D41FBC8BC20025CC42 /* Localizable.strings in Resources */ = {isa = PBXBuildFile; fileRef = 69BC17D61FBC8BC20025CC42 /* Localizable.strings */; };
		69BC17DD1FBC8DB20025CC42 /* R.generated.swift in Sources */ = {isa = PBXBuildFile; fileRef = 69BC17DC1FBC8DB20025CC42 /* R.generated.swift */; };
		69BC17DE1FBC8DB20025CC42 /* R.generated.swift in Sources */ = {isa = PBXBuildFile; fileRef = 69BC17DC1FBC8DB20025CC42 /* R.generated.swift */; };
		69BC17DF1FBC8DB20025CC42 /* R.generated.swift in Sources */ = {isa = PBXBuildFile; fileRef = 69BC17DC1FBC8DB20025CC42 /* R.generated.swift */; };
		6D74245026E5FBCA0095EB79 /* MeetingDoctors+Credentials.swift in Sources */ = {isa = PBXBuildFile; fileRef = 6D74244F26E5FBC90095EB79 /* MeetingDoctors+Credentials.swift */; };
		7E1C28E026E0B5300053401E /* UIColor+Extension.swift in Sources */ = {isa = PBXBuildFile; fileRef = 7E1C28DF26E0B5300053401E /* UIColor+Extension.swift */; };
		7E1C291126E0BADF0053401E /* UIImage+Extension.swift in Sources */ = {isa = PBXBuildFile; fileRef = 7E1C291026E0BADF0053401E /* UIImage+Extension.swift */; };
		7E1C292626E0E3DD0053401E /* DividerTopContentView.swift in Sources */ = {isa = PBXBuildFile; fileRef = 7E1C292526E0E3DD0053401E /* DividerTopContentView.swift */; };
		7E1C292E26E0E3EB0053401E /* DividerTopContentView.xib in Resources */ = {isa = PBXBuildFile; fileRef = 7E1C292D26E0E3EB0053401E /* DividerTopContentView.xib */; };
		7E1C299826E105810053401E /* DividerContentView.xib in Resources */ = {isa = PBXBuildFile; fileRef = 7E1C299726E105810053401E /* DividerContentView.xib */; };
		7E1C299D26E1058F0053401E /* DividerContentView.swift in Sources */ = {isa = PBXBuildFile; fileRef = 7E1C299C26E1058F0053401E /* DividerContentView.swift */; };
		7E225C1E26DCC15000D54957 /* TabBarMenuViewController.swift in Sources */ = {isa = PBXBuildFile; fileRef = 7E225C1D26DCC15000D54957 /* TabBarMenuViewController.swift */; };
		7E225C2A26DCC5AC00D54957 /* MDSwiftExampleAppPlugin.swift in Sources */ = {isa = PBXBuildFile; fileRef = 7E225C2926DCC5AC00D54957 /* MDSwiftExampleAppPlugin.swift */; };
		7E5C3A7826CEA7920057DBAD /* MenuOptionSelectorTableViewController.swift in Sources */ = {isa = PBXBuildFile; fileRef = 7E5C3A7726CEA7920057DBAD /* MenuOptionSelectorTableViewController.swift */; };
		7E6C710E26CFAD8900DC46E9 /* MenuOptionSelectorTableViewModel.swift in Sources */ = {isa = PBXBuildFile; fileRef = 7E6C710D26CFAD8900DC46E9 /* MenuOptionSelectorTableViewModel.swift */; };
		7E7D6BCB26F33C0C00871DAD /* FirebaseApplicationDelegate.swift in Sources */ = {isa = PBXBuildFile; fileRef = 7E7D6BCA26F33C0C00871DAD /* FirebaseApplicationDelegate.swift */; };
		7E7D6BDB26F340F900871DAD /* GoogleService-Info.plist in Resources */ = {isa = PBXBuildFile; fileRef = 7E7D6BDA26F340F900871DAD /* GoogleService-Info.plist */; };
		7E7D6BE926F3458500871DAD /* NotificationApplicationDelegate.swift in Sources */ = {isa = PBXBuildFile; fileRef = 7E7D6BE826F3458500871DAD /* NotificationApplicationDelegate.swift */; };
		7E806C3E26C6497A0028EDE7 /* MenuTypeSelectorViewController.swift in Sources */ = {isa = PBXBuildFile; fileRef = 7E806C3D26C6497A0028EDE7 /* MenuTypeSelectorViewController.swift */; };
		7EEAC5B826DE365300AC98C1 /* VideoCallViewController.swift in Sources */ = {isa = PBXBuildFile; fileRef = 7EEAC5B726DE365300AC98C1 /* VideoCallViewController.swift */; };
		95AB9B21BC71A39F4C607A5E /* Pods_MDSwiftExampleApp.framework in Frameworks */ = {isa = PBXBuildFile; fileRef = E4B32D0A49EDCC524A266157 /* Pods_MDSwiftExampleApp.framework */; };
		EDB231EBB1B0D97DD363A659 /* Pods_MDSwiftExampleAppTests.framework in Frameworks */ = {isa = PBXBuildFile; fileRef = 7382CEBF981F31E0B6D9C5B0 /* Pods_MDSwiftExampleAppTests.framework */; };
/* End PBXBuildFile section */

/* Begin PBXContainerItemProxy section */
		69BC179B1FBC83380025CC42 /* PBXContainerItemProxy */ = {
			isa = PBXContainerItemProxy;
			containerPortal = 69BC177E1FBC83380025CC42 /* Project object */;
			proxyType = 1;
			remoteGlobalIDString = 69BC17851FBC83380025CC42;
			remoteInfo = "Mediquo Swift Example App";
		};
		69BC17A61FBC83380025CC42 /* PBXContainerItemProxy */ = {
			isa = PBXContainerItemProxy;
			containerPortal = 69BC177E1FBC83380025CC42 /* Project object */;
			proxyType = 1;
			remoteGlobalIDString = 69BC17851FBC83380025CC42;
			remoteInfo = "Mediquo Swift Example App";
		};
/* End PBXContainerItemProxy section */

/* Begin PBXFileReference section */
		195F9FB385249C1D333C2D70 /* Pods-MDSwiftExampleAppTests.release.xcconfig */ = {isa = PBXFileReference; includeInIndex = 1; lastKnownFileType = text.xcconfig; name = "Pods-MDSwiftExampleAppTests.release.xcconfig"; path = "Target Support Files/Pods-MDSwiftExampleAppTests/Pods-MDSwiftExampleAppTests.release.xcconfig"; sourceTree = "<group>"; };
		6883D54886D889658F728247 /* Pods_MDSwiftExampleAppUITests.framework */ = {isa = PBXFileReference; explicitFileType = wrapper.framework; includeInIndex = 0; path = Pods_MDSwiftExampleAppUITests.framework; sourceTree = BUILT_PRODUCTS_DIR; };
		69BC17861FBC83380025CC42 /* MDSwiftExampleApp.app */ = {isa = PBXFileReference; explicitFileType = wrapper.application; includeInIndex = 0; path = MDSwiftExampleApp.app; sourceTree = BUILT_PRODUCTS_DIR; };
		69BC17891FBC83380025CC42 /* AppDelegate.swift */ = {isa = PBXFileReference; lastKnownFileType = sourcecode.swift; path = AppDelegate.swift; sourceTree = "<group>"; };
		69BC17951FBC83380025CC42 /* Info.plist */ = {isa = PBXFileReference; lastKnownFileType = text.plist.xml; path = Info.plist; sourceTree = "<group>"; };
		69BC179A1FBC83380025CC42 /* MDSwiftExampleAppTests.xctest */ = {isa = PBXFileReference; explicitFileType = wrapper.cfbundle; includeInIndex = 0; path = MDSwiftExampleAppTests.xctest; sourceTree = BUILT_PRODUCTS_DIR; };
		69BC179E1FBC83380025CC42 /* MDSwiftExampleAppTests.swift */ = {isa = PBXFileReference; lastKnownFileType = sourcecode.swift; path = MDSwiftExampleAppTests.swift; sourceTree = "<group>"; };
		69BC17A01FBC83380025CC42 /* Info.plist */ = {isa = PBXFileReference; lastKnownFileType = text.plist.xml; path = Info.plist; sourceTree = "<group>"; };
		69BC17A51FBC83380025CC42 /* MDSwiftExampleAppUITests.xctest */ = {isa = PBXFileReference; explicitFileType = wrapper.cfbundle; includeInIndex = 0; path = MDSwiftExampleAppUITests.xctest; sourceTree = BUILT_PRODUCTS_DIR; };
		69BC17A91FBC83380025CC42 /* MDSwiftExampleAppUITests.swift */ = {isa = PBXFileReference; lastKnownFileType = sourcecode.swift; path = MDSwiftExampleAppUITests.swift; sourceTree = "<group>"; };
		69BC17AB1FBC83380025CC42 /* Info.plist */ = {isa = PBXFileReference; lastKnownFileType = text.plist.xml; path = Info.plist; sourceTree = "<group>"; };
		69BC17BA1FBC8B6C0025CC42 /* ViewController.swift */ = {isa = PBXFileReference; fileEncoding = 4; lastKnownFileType = sourcecode.swift; path = ViewController.swift; sourceTree = "<group>"; };
		69BC17C11FBC8B980025CC42 /* Base */ = {isa = PBXFileReference; lastKnownFileType = file.storyboard; name = Base; path = LaunchScreen.storyboard; sourceTree = "<group>"; };
		69BC17C31FBC8B980025CC42 /* Base */ = {isa = PBXFileReference; lastKnownFileType = file.storyboard; name = Base; path = Main.storyboard; sourceTree = "<group>"; };
		69BC17C41FBC8B980025CC42 /* Assets.xcassets */ = {isa = PBXFileReference; lastKnownFileType = folder.assetcatalog; path = Assets.xcassets; sourceTree = "<group>"; };
		69BC17D51FBC8BC20025CC42 /* en */ = {isa = PBXFileReference; lastKnownFileType = text.plist.strings; name = en; path = en.lproj/Localizable.strings; sourceTree = "<group>"; };
		69BC17D71FBC8BDC0025CC42 /* es */ = {isa = PBXFileReference; lastKnownFileType = text.plist.strings; name = es; path = ../es.lproj/LaunchScreen.strings; sourceTree = "<group>"; };
		69BC17D81FBC8BDC0025CC42 /* es */ = {isa = PBXFileReference; lastKnownFileType = text.plist.strings; name = es; path = ../es.lproj/Main.strings; sourceTree = "<group>"; };
		69BC17D91FBC8BDD0025CC42 /* es */ = {isa = PBXFileReference; lastKnownFileType = text.plist.strings; name = es; path = es.lproj/Localizable.strings; sourceTree = "<group>"; };
		69BC17DC1FBC8DB20025CC42 /* R.generated.swift */ = {isa = PBXFileReference; fileEncoding = 4; lastKnownFileType = sourcecode.swift; path = R.generated.swift; sourceTree = "<group>"; };
		6D74244F26E5FBC90095EB79 /* MeetingDoctors+Credentials.swift */ = {isa = PBXFileReference; fileEncoding = 4; lastKnownFileType = sourcecode.swift; path = "MeetingDoctors+Credentials.swift"; sourceTree = "<group>"; };
		7382CEBF981F31E0B6D9C5B0 /* Pods_MDSwiftExampleAppTests.framework */ = {isa = PBXFileReference; explicitFileType = wrapper.framework; includeInIndex = 0; path = Pods_MDSwiftExampleAppTests.framework; sourceTree = BUILT_PRODUCTS_DIR; };
		7E1C28DF26E0B5300053401E /* UIColor+Extension.swift */ = {isa = PBXFileReference; lastKnownFileType = sourcecode.swift; path = "UIColor+Extension.swift"; sourceTree = "<group>"; };
		7E1C291026E0BADF0053401E /* UIImage+Extension.swift */ = {isa = PBXFileReference; lastKnownFileType = sourcecode.swift; path = "UIImage+Extension.swift"; sourceTree = "<group>"; };
		7E1C292526E0E3DD0053401E /* DividerTopContentView.swift */ = {isa = PBXFileReference; lastKnownFileType = sourcecode.swift; path = DividerTopContentView.swift; sourceTree = "<group>"; };
		7E1C292D26E0E3EB0053401E /* DividerTopContentView.xib */ = {isa = PBXFileReference; lastKnownFileType = file.xib; path = DividerTopContentView.xib; sourceTree = "<group>"; };
		7E1C299726E105810053401E /* DividerContentView.xib */ = {isa = PBXFileReference; lastKnownFileType = file.xib; path = DividerContentView.xib; sourceTree = "<group>"; };
		7E1C299C26E1058F0053401E /* DividerContentView.swift */ = {isa = PBXFileReference; lastKnownFileType = sourcecode.swift; path = DividerContentView.swift; sourceTree = "<group>"; };
		7E225C1D26DCC15000D54957 /* TabBarMenuViewController.swift */ = {isa = PBXFileReference; lastKnownFileType = sourcecode.swift; path = TabBarMenuViewController.swift; sourceTree = "<group>"; };
		7E225C2926DCC5AC00D54957 /* MDSwiftExampleAppPlugin.swift */ = {isa = PBXFileReference; lastKnownFileType = sourcecode.swift; path = MDSwiftExampleAppPlugin.swift; sourceTree = "<group>"; };
		7E5C3A7726CEA7920057DBAD /* MenuOptionSelectorTableViewController.swift */ = {isa = PBXFileReference; lastKnownFileType = sourcecode.swift; path = MenuOptionSelectorTableViewController.swift; sourceTree = "<group>"; };
		7E6C710D26CFAD8900DC46E9 /* MenuOptionSelectorTableViewModel.swift */ = {isa = PBXFileReference; lastKnownFileType = sourcecode.swift; path = MenuOptionSelectorTableViewModel.swift; sourceTree = "<group>"; };
		7E7D6BCA26F33C0C00871DAD /* FirebaseApplicationDelegate.swift */ = {isa = PBXFileReference; lastKnownFileType = sourcecode.swift; path = FirebaseApplicationDelegate.swift; sourceTree = "<group>"; };
		7E7D6BDA26F340F900871DAD /* GoogleService-Info.plist */ = {isa = PBXFileReference; fileEncoding = 4; lastKnownFileType = text.plist.xml; path = "GoogleService-Info.plist"; sourceTree = "<group>"; };
		7E7D6BE826F3458500871DAD /* NotificationApplicationDelegate.swift */ = {isa = PBXFileReference; lastKnownFileType = sourcecode.swift; path = NotificationApplicationDelegate.swift; sourceTree = "<group>"; };
		7E7D6BF026F3876700871DAD /* MDSwiftExampleAppDebug.entitlements */ = {isa = PBXFileReference; lastKnownFileType = text.plist.entitlements; path = MDSwiftExampleAppDebug.entitlements; sourceTree = "<group>"; };
		7E806C3D26C6497A0028EDE7 /* MenuTypeSelectorViewController.swift */ = {isa = PBXFileReference; lastKnownFileType = sourcecode.swift; path = MenuTypeSelectorViewController.swift; sourceTree = "<group>"; };
		7EEAC5B726DE365300AC98C1 /* VideoCallViewController.swift */ = {isa = PBXFileReference; lastKnownFileType = sourcecode.swift; path = VideoCallViewController.swift; sourceTree = "<group>"; };
		8C64D72EB5408720407AE7D6 /* Pods-MDSwiftExampleAppUITests.debug.xcconfig */ = {isa = PBXFileReference; includeInIndex = 1; lastKnownFileType = text.xcconfig; name = "Pods-MDSwiftExampleAppUITests.debug.xcconfig"; path = "Target Support Files/Pods-MDSwiftExampleAppUITests/Pods-MDSwiftExampleAppUITests.debug.xcconfig"; sourceTree = "<group>"; };
		99BE074AD24E4EE6161FAF52 /* Pods-MDSwiftExampleAppTests.debug.xcconfig */ = {isa = PBXFileReference; includeInIndex = 1; lastKnownFileType = text.xcconfig; name = "Pods-MDSwiftExampleAppTests.debug.xcconfig"; path = "Target Support Files/Pods-MDSwiftExampleAppTests/Pods-MDSwiftExampleAppTests.debug.xcconfig"; sourceTree = "<group>"; };
		A4B558818098AC3C2C18D707 /* Pods-MDSwiftExampleApp.release.xcconfig */ = {isa = PBXFileReference; includeInIndex = 1; lastKnownFileType = text.xcconfig; name = "Pods-MDSwiftExampleApp.release.xcconfig"; path = "Target Support Files/Pods-MDSwiftExampleApp/Pods-MDSwiftExampleApp.release.xcconfig"; sourceTree = "<group>"; };
		A798688047C83281E86D3E7F /* Pods-MDSwiftExampleApp.debug.xcconfig */ = {isa = PBXFileReference; includeInIndex = 1; lastKnownFileType = text.xcconfig; name = "Pods-MDSwiftExampleApp.debug.xcconfig"; path = "Target Support Files/Pods-MDSwiftExampleApp/Pods-MDSwiftExampleApp.debug.xcconfig"; sourceTree = "<group>"; };
		E4B32D0A49EDCC524A266157 /* Pods_MDSwiftExampleApp.framework */ = {isa = PBXFileReference; explicitFileType = wrapper.framework; includeInIndex = 0; path = Pods_MDSwiftExampleApp.framework; sourceTree = BUILT_PRODUCTS_DIR; };
		FC7FD0D0053530719976274B /* Pods-MDSwiftExampleAppUITests.release.xcconfig */ = {isa = PBXFileReference; includeInIndex = 1; lastKnownFileType = text.xcconfig; name = "Pods-MDSwiftExampleAppUITests.release.xcconfig"; path = "Target Support Files/Pods-MDSwiftExampleAppUITests/Pods-MDSwiftExampleAppUITests.release.xcconfig"; sourceTree = "<group>"; };
/* End PBXFileReference section */

/* Begin PBXFrameworksBuildPhase section */
		69BC17831FBC83380025CC42 /* Frameworks */ = {
			isa = PBXFrameworksBuildPhase;
			buildActionMask = 2147483647;
			files = (
				95AB9B21BC71A39F4C607A5E /* Pods_MDSwiftExampleApp.framework in Frameworks */,
			);
			runOnlyForDeploymentPostprocessing = 0;
		};
		69BC17971FBC83380025CC42 /* Frameworks */ = {
			isa = PBXFrameworksBuildPhase;
			buildActionMask = 2147483647;
			files = (
				EDB231EBB1B0D97DD363A659 /* Pods_MDSwiftExampleAppTests.framework in Frameworks */,
			);
			runOnlyForDeploymentPostprocessing = 0;
		};
		69BC17A21FBC83380025CC42 /* Frameworks */ = {
			isa = PBXFrameworksBuildPhase;
			buildActionMask = 2147483647;
			files = (
				18AC3A1438B11C1460E263E3 /* Pods_MDSwiftExampleAppUITests.framework in Frameworks */,
			);
			runOnlyForDeploymentPostprocessing = 0;
		};
/* End PBXFrameworksBuildPhase section */

/* Begin PBXGroup section */
		69BC177D1FBC83380025CC42 = {
			isa = PBXGroup;
			children = (
				69BC17881FBC83380025CC42 /* MDSwiftExampleApp */,
				69BC179D1FBC83380025CC42 /* MDSwiftExampleAppTests */,
				69BC17A81FBC83380025CC42 /* MDSwiftExampleAppUITests */,
				69BC17871FBC83380025CC42 /* Products */,
				EEF65B39CF2312EC5F5E7F4E /* Pods */,
				7AB7C67217957B481654C084 /* Frameworks */,
			);
			sourceTree = "<group>";
		};
		69BC17871FBC83380025CC42 /* Products */ = {
			isa = PBXGroup;
			children = (
				69BC17861FBC83380025CC42 /* MDSwiftExampleApp.app */,
				69BC179A1FBC83380025CC42 /* MDSwiftExampleAppTests.xctest */,
				69BC17A51FBC83380025CC42 /* MDSwiftExampleAppUITests.xctest */,
			);
			name = Products;
			sourceTree = "<group>";
		};
		69BC17881FBC83380025CC42 /* MDSwiftExampleApp */ = {
			isa = PBXGroup;
			children = (
				7E7D6BF026F3876700871DAD /* MDSwiftExampleAppDebug.entitlements */,
				7E225C2726DCC58A00D54957 /* Source */,
				7E7D6BDA26F340F900871DAD /* GoogleService-Info.plist */,
				69BC17951FBC83380025CC42 /* Info.plist */,
				69BC17891FBC83380025CC42 /* AppDelegate.swift */,
				7E7D6BCA26F33C0C00871DAD /* FirebaseApplicationDelegate.swift */,
				7E7D6BE826F3458500871DAD /* NotificationApplicationDelegate.swift */,
				69BC17B91FBC8B5E0025CC42 /* Controllers */,
				7E6C710C26CFAD6100DC46E9 /* ViewModels */,
				D585EEF321E6164A00D3A21B /* Extensions */,
				69BC17BE1FBC8B7C0025CC42 /* Resources */,
			);
			path = MDSwiftExampleApp;
			sourceTree = "<group>";
		};
		69BC179D1FBC83380025CC42 /* MDSwiftExampleAppTests */ = {
			isa = PBXGroup;
			children = (
				69BC179E1FBC83380025CC42 /* MDSwiftExampleAppTests.swift */,
				69BC17A01FBC83380025CC42 /* Info.plist */,
			);
			path = MDSwiftExampleAppTests;
			sourceTree = "<group>";
		};
		69BC17A81FBC83380025CC42 /* MDSwiftExampleAppUITests */ = {
			isa = PBXGroup;
			children = (
				69BC17A91FBC83380025CC42 /* MDSwiftExampleAppUITests.swift */,
				69BC17AB1FBC83380025CC42 /* Info.plist */,
			);
			path = MDSwiftExampleAppUITests;
			sourceTree = "<group>";
		};
		69BC17B91FBC8B5E0025CC42 /* Controllers */ = {
			isa = PBXGroup;
			children = (
				69BC17BA1FBC8B6C0025CC42 /* ViewController.swift */,
				7E806C3D26C6497A0028EDE7 /* MenuTypeSelectorViewController.swift */,
				7E5C3A7726CEA7920057DBAD /* MenuOptionSelectorTableViewController.swift */,
				7E225C1D26DCC15000D54957 /* TabBarMenuViewController.swift */,
				7EEAC5B726DE365300AC98C1 /* VideoCallViewController.swift */,
			);
			path = Controllers;
			sourceTree = "<group>";
		};
		69BC17BE1FBC8B7C0025CC42 /* Resources */ = {
			isa = PBXGroup;
			children = (
				7E1C292426E0E3BC0053401E /* Views */,
				69BC17DA1FBC8C7B0025CC42 /* Generated */,
				69BC17C41FBC8B980025CC42 /* Assets.xcassets */,
				69BC17BF1FBC8B980025CC42 /* Base.lproj */,
				69BC17D61FBC8BC20025CC42 /* Localizable.strings */,
			);
			path = Resources;
			sourceTree = "<group>";
		};
		69BC17BF1FBC8B980025CC42 /* Base.lproj */ = {
			isa = PBXGroup;
			children = (
				69BC17C01FBC8B980025CC42 /* LaunchScreen.storyboard */,
				69BC17C21FBC8B980025CC42 /* Main.storyboard */,
			);
			path = Base.lproj;
			sourceTree = "<group>";
		};
		69BC17DA1FBC8C7B0025CC42 /* Generated */ = {
			isa = PBXGroup;
			children = (
				69BC17DC1FBC8DB20025CC42 /* R.generated.swift */,
			);
			path = Generated;
			sourceTree = "<group>";
		};
		7AB7C67217957B481654C084 /* Frameworks */ = {
			isa = PBXGroup;
			children = (
				E4B32D0A49EDCC524A266157 /* Pods_MDSwiftExampleApp.framework */,
				7382CEBF981F31E0B6D9C5B0 /* Pods_MDSwiftExampleAppTests.framework */,
				6883D54886D889658F728247 /* Pods_MDSwiftExampleAppUITests.framework */,
			);
			name = Frameworks;
			sourceTree = "<group>";
		};
		7E1C292426E0E3BC0053401E /* Views */ = {
			isa = PBXGroup;
			children = (
				7E1C292526E0E3DD0053401E /* DividerTopContentView.swift */,
				7E1C292D26E0E3EB0053401E /* DividerTopContentView.xib */,
				7E1C299726E105810053401E /* DividerContentView.xib */,
				7E1C299C26E1058F0053401E /* DividerContentView.swift */,
			);
			path = Views;
			sourceTree = "<group>";
		};
		7E225C2726DCC58A00D54957 /* Source */ = {
			isa = PBXGroup;
			children = (
				7E225C2826DCC59500D54957 /* Plugin */,
			);
			path = Source;
			sourceTree = "<group>";
		};
		7E225C2826DCC59500D54957 /* Plugin */ = {
			isa = PBXGroup;
			children = (
				7E225C2926DCC5AC00D54957 /* MDSwiftExampleAppPlugin.swift */,
			);
			path = Plugin;
			sourceTree = "<group>";
		};
		7E6C710C26CFAD6100DC46E9 /* ViewModels */ = {
			isa = PBXGroup;
			children = (
				7E6C710D26CFAD8900DC46E9 /* MenuOptionSelectorTableViewModel.swift */,
			);
			path = ViewModels;
			sourceTree = "<group>";
		};
		D585EEF321E6164A00D3A21B /* Extensions */ = {
			isa = PBXGroup;
			children = (
				6D74244F26E5FBC90095EB79 /* MeetingDoctors+Credentials.swift */,
				7E1C28DF26E0B5300053401E /* UIColor+Extension.swift */,
				7E1C291026E0BADF0053401E /* UIImage+Extension.swift */,
			);
			path = Extensions;
			sourceTree = "<group>";
		};
		EEF65B39CF2312EC5F5E7F4E /* Pods */ = {
			isa = PBXGroup;
			children = (
				A798688047C83281E86D3E7F /* Pods-MDSwiftExampleApp.debug.xcconfig */,
				A4B558818098AC3C2C18D707 /* Pods-MDSwiftExampleApp.release.xcconfig */,
				99BE074AD24E4EE6161FAF52 /* Pods-MDSwiftExampleAppTests.debug.xcconfig */,
				195F9FB385249C1D333C2D70 /* Pods-MDSwiftExampleAppTests.release.xcconfig */,
				8C64D72EB5408720407AE7D6 /* Pods-MDSwiftExampleAppUITests.debug.xcconfig */,
				FC7FD0D0053530719976274B /* Pods-MDSwiftExampleAppUITests.release.xcconfig */,
			);
			path = Pods;
			sourceTree = "<group>";
		};
/* End PBXGroup section */

/* Begin PBXNativeTarget section */
		69BC17851FBC83380025CC42 /* MDSwiftExampleApp */ = {
			isa = PBXNativeTarget;
			buildConfigurationList = 69BC17AE1FBC83380025CC42 /* Build configuration list for PBXNativeTarget "MDSwiftExampleApp" */;
			buildPhases = (
				939BA2ABDD891E88B278595C /* [CP] Check Pods Manifest.lock */,
				69BC17DB1FBC8C8A0025CC42 /* ShellScript */,
				69BC17821FBC83380025CC42 /* Sources */,
				69BC17831FBC83380025CC42 /* Frameworks */,
				69BC17841FBC83380025CC42 /* Resources */,
				65D706A27FDDC001985FCD0D /* [CP] Embed Pods Frameworks */,
			);
			buildRules = (
			);
			dependencies = (
			);
			name = MDSwiftExampleApp;
			productName = "Mediquo Swift Example App";
			productReference = 69BC17861FBC83380025CC42 /* MDSwiftExampleApp.app */;
			productType = "com.apple.product-type.application";
		};
		69BC17991FBC83380025CC42 /* MDSwiftExampleAppTests */ = {
			isa = PBXNativeTarget;
			buildConfigurationList = 69BC17B11FBC83380025CC42 /* Build configuration list for PBXNativeTarget "MDSwiftExampleAppTests" */;
			buildPhases = (
				856DAE221EF7D6D1876B93CE /* [CP] Check Pods Manifest.lock */,
				69BC17961FBC83380025CC42 /* Sources */,
				69BC17971FBC83380025CC42 /* Frameworks */,
				69BC17981FBC83380025CC42 /* Resources */,
			);
			buildRules = (
			);
			dependencies = (
				69BC179C1FBC83380025CC42 /* PBXTargetDependency */,
			);
			name = MDSwiftExampleAppTests;
			productName = "Mediquo Swift Example AppTests";
			productReference = 69BC179A1FBC83380025CC42 /* MDSwiftExampleAppTests.xctest */;
			productType = "com.apple.product-type.bundle.unit-test";
		};
		69BC17A41FBC83380025CC42 /* MDSwiftExampleAppUITests */ = {
			isa = PBXNativeTarget;
			buildConfigurationList = 69BC17B41FBC83380025CC42 /* Build configuration list for PBXNativeTarget "MDSwiftExampleAppUITests" */;
			buildPhases = (
				737366FBE0FC87558A4FC5D6 /* [CP] Check Pods Manifest.lock */,
				69BC17A11FBC83380025CC42 /* Sources */,
				69BC17A21FBC83380025CC42 /* Frameworks */,
				69BC17A31FBC83380025CC42 /* Resources */,
			);
			buildRules = (
			);
			dependencies = (
				69BC17A71FBC83380025CC42 /* PBXTargetDependency */,
			);
			name = MDSwiftExampleAppUITests;
			productName = "Mediquo Swift Example AppUITests";
			productReference = 69BC17A51FBC83380025CC42 /* MDSwiftExampleAppUITests.xctest */;
			productType = "com.apple.product-type.bundle.ui-testing";
		};
/* End PBXNativeTarget section */

/* Begin PBXProject section */
		69BC177E1FBC83380025CC42 /* Project object */ = {
			isa = PBXProject;
			attributes = {
				LastSwiftUpdateCheck = 0910;
				LastUpgradeCheck = 1010;
				ORGANIZATIONNAME = "MeetingDoctors S.L.";
				TargetAttributes = {
					69BC17851FBC83380025CC42 = {
						CreatedOnToolsVersion = 9.1;
						ProvisioningStyle = Automatic;
						SystemCapabilities = {
							com.apple.BackgroundModes = {
								enabled = 1;
							};
						};
					};
					69BC17991FBC83380025CC42 = {
						CreatedOnToolsVersion = 9.1;
						ProvisioningStyle = Automatic;
						TestTargetID = 69BC17851FBC83380025CC42;
					};
					69BC17A41FBC83380025CC42 = {
						CreatedOnToolsVersion = 9.1;
						ProvisioningStyle = Automatic;
						TestTargetID = 69BC17851FBC83380025CC42;
					};
				};
			};
			buildConfigurationList = 69BC17811FBC83380025CC42 /* Build configuration list for PBXProject "MDSwiftExampleApp" */;
			compatibilityVersion = "Xcode 8.0";
			developmentRegion = en;
			hasScannedForEncodings = 0;
			knownRegions = (
				en,
				Base,
				es,
			);
			mainGroup = 69BC177D1FBC83380025CC42;
			productRefGroup = 69BC17871FBC83380025CC42 /* Products */;
			projectDirPath = "";
			projectRoot = "";
			targets = (
				69BC17851FBC83380025CC42 /* MDSwiftExampleApp */,
				69BC17991FBC83380025CC42 /* MDSwiftExampleAppTests */,
				69BC17A41FBC83380025CC42 /* MDSwiftExampleAppUITests */,
			);
		};
/* End PBXProject section */

/* Begin PBXResourcesBuildPhase section */
		69BC17841FBC83380025CC42 /* Resources */ = {
			isa = PBXResourcesBuildPhase;
			buildActionMask = 2147483647;
			files = (
				69BC17C51FBC8B980025CC42 /* LaunchScreen.storyboard in Resources */,
				7E7D6BDB26F340F900871DAD /* GoogleService-Info.plist in Resources */,
				7E1C292E26E0E3EB0053401E /* DividerTopContentView.xib in Resources */,
				7E1C299826E105810053401E /* DividerContentView.xib in Resources */,
				69BC17D21FBC8BC20025CC42 /* Localizable.strings in Resources */,
				69BC17CB1FBC8B980025CC42 /* Assets.xcassets in Resources */,
				69BC17C81FBC8B980025CC42 /* Main.storyboard in Resources */,
			);
			runOnlyForDeploymentPostprocessing = 0;
		};
		69BC17981FBC83380025CC42 /* Resources */ = {
			isa = PBXResourcesBuildPhase;
			buildActionMask = 2147483647;
			files = (
				69BC17C61FBC8B980025CC42 /* LaunchScreen.storyboard in Resources */,
				69BC17D31FBC8BC20025CC42 /* Localizable.strings in Resources */,
				69BC17CC1FBC8B980025CC42 /* Assets.xcassets in Resources */,
				69BC17C91FBC8B980025CC42 /* Main.storyboard in Resources */,
			);
			runOnlyForDeploymentPostprocessing = 0;
		};
		69BC17A31FBC83380025CC42 /* Resources */ = {
			isa = PBXResourcesBuildPhase;
			buildActionMask = 2147483647;
			files = (
				69BC17C71FBC8B980025CC42 /* LaunchScreen.storyboard in Resources */,
				69BC17D41FBC8BC20025CC42 /* Localizable.strings in Resources */,
				69BC17CD1FBC8B980025CC42 /* Assets.xcassets in Resources */,
				69BC17CA1FBC8B980025CC42 /* Main.storyboard in Resources */,
			);
			runOnlyForDeploymentPostprocessing = 0;
		};
/* End PBXResourcesBuildPhase section */

/* Begin PBXShellScriptBuildPhase section */
		65D706A27FDDC001985FCD0D /* [CP] Embed Pods Frameworks */ = {
			isa = PBXShellScriptBuildPhase;
			buildActionMask = 2147483647;
			files = (
			);
			inputPaths = (
				"${PODS_ROOT}/Target Support Files/Pods-MDSwiftExampleApp/Pods-MDSwiftExampleApp-frameworks.sh",
				"${BUILT_PRODUCTS_DIR}/Alamofire/Alamofire.framework",
				"${BUILT_PRODUCTS_DIR}/AlamofireImage/AlamofireImage.framework",
				"${BUILT_PRODUCTS_DIR}/CryptoSwift/CryptoSwift.framework",
				"${BUILT_PRODUCTS_DIR}/FirebaseCore/FirebaseCore.framework",
				"${BUILT_PRODUCTS_DIR}/FirebaseCoreInternal/FirebaseCoreInternal.framework",
				"${BUILT_PRODUCTS_DIR}/FirebaseCrashlytics/FirebaseCrashlytics.framework",
				"${BUILT_PRODUCTS_DIR}/FirebaseInstallations/FirebaseInstallations.framework",
				"${BUILT_PRODUCTS_DIR}/FirebaseMessaging/FirebaseMessaging.framework",
				"${BUILT_PRODUCTS_DIR}/GoogleDataTransport/GoogleDataTransport.framework",
				"${BUILT_PRODUCTS_DIR}/GoogleUtilities/GoogleUtilities.framework",
				"${BUILT_PRODUCTS_DIR}/PromisesObjC/FBLPromises.framework",
				"${BUILT_PRODUCTS_DIR}/R.swift.Library/Rswift.framework",
				"${BUILT_PRODUCTS_DIR}/Realm/Realm.framework",
				"${BUILT_PRODUCTS_DIR}/RealmSwift/RealmSwift.framework",
				"${BUILT_PRODUCTS_DIR}/RxBlocking/RxBlocking.framework",
				"${BUILT_PRODUCTS_DIR}/RxCocoa/RxCocoa.framework",
				"${BUILT_PRODUCTS_DIR}/RxRelay/RxRelay.framework",
				"${BUILT_PRODUCTS_DIR}/RxSwift/RxSwift.framework",
				"${BUILT_PRODUCTS_DIR}/SDWebImage/SDWebImage.framework",
				"${BUILT_PRODUCTS_DIR}/Socket.IO-Client-Swift/SocketIO.framework",
				"${BUILT_PRODUCTS_DIR}/Starscream/Starscream.framework",
				"${BUILT_PRODUCTS_DIR}/Swinject/Swinject.framework",
				"${BUILT_PRODUCTS_DIR}/SwinjectStoryboard/SwinjectStoryboard.framework",
				"${BUILT_PRODUCTS_DIR}/nanopb/nanopb.framework",
				"${PODS_XCFRAMEWORKS_BUILD_DIR}/MeetingDoctors-Controller/MeetingDoctorsController.framework/MeetingDoctorsController",
				"${PODS_XCFRAMEWORKS_BUILD_DIR}/MeetingDoctors-Core/MeetingDoctorsCore.framework/MeetingDoctorsCore",
				"${PODS_XCFRAMEWORKS_BUILD_DIR}/MeetingDoctors-Remote/MeetingDoctorsRemote.framework/MeetingDoctorsRemote",
				"${PODS_XCFRAMEWORKS_BUILD_DIR}/MeetingDoctors-Schema/MeetingDoctorsSchema.framework/MeetingDoctorsSchema",
				"${PODS_XCFRAMEWORKS_BUILD_DIR}/MeetingDoctors-Socket/MeetingDoctorsSocket.framework/MeetingDoctorsSocket",
				"${PODS_XCFRAMEWORKS_BUILD_DIR}/MeetingDoctors-Storage/MeetingDoctorsStorage.framework/MeetingDoctorsStorage",
				"${PODS_XCFRAMEWORKS_BUILD_DIR}/MeetingDoctorsSDK/MeetingDoctorsSDK.framework/MeetingDoctorsSDK",
			);
			name = "[CP] Embed Pods Frameworks";
			outputPaths = (
				"${TARGET_BUILD_DIR}/${FRAMEWORKS_FOLDER_PATH}/Alamofire.framework",
				"${TARGET_BUILD_DIR}/${FRAMEWORKS_FOLDER_PATH}/AlamofireImage.framework",
				"${TARGET_BUILD_DIR}/${FRAMEWORKS_FOLDER_PATH}/CryptoSwift.framework",
				"${TARGET_BUILD_DIR}/${FRAMEWORKS_FOLDER_PATH}/FirebaseCore.framework",
				"${TARGET_BUILD_DIR}/${FRAMEWORKS_FOLDER_PATH}/FirebaseCoreInternal.framework",
				"${TARGET_BUILD_DIR}/${FRAMEWORKS_FOLDER_PATH}/FirebaseCrashlytics.framework",
				"${TARGET_BUILD_DIR}/${FRAMEWORKS_FOLDER_PATH}/FirebaseInstallations.framework",
				"${TARGET_BUILD_DIR}/${FRAMEWORKS_FOLDER_PATH}/FirebaseMessaging.framework",
				"${TARGET_BUILD_DIR}/${FRAMEWORKS_FOLDER_PATH}/GoogleDataTransport.framework",
				"${TARGET_BUILD_DIR}/${FRAMEWORKS_FOLDER_PATH}/GoogleUtilities.framework",
				"${TARGET_BUILD_DIR}/${FRAMEWORKS_FOLDER_PATH}/FBLPromises.framework",
				"${TARGET_BUILD_DIR}/${FRAMEWORKS_FOLDER_PATH}/Rswift.framework",
				"${TARGET_BUILD_DIR}/${FRAMEWORKS_FOLDER_PATH}/Realm.framework",
				"${TARGET_BUILD_DIR}/${FRAMEWORKS_FOLDER_PATH}/RealmSwift.framework",
				"${TARGET_BUILD_DIR}/${FRAMEWORKS_FOLDER_PATH}/RxBlocking.framework",
				"${TARGET_BUILD_DIR}/${FRAMEWORKS_FOLDER_PATH}/RxCocoa.framework",
				"${TARGET_BUILD_DIR}/${FRAMEWORKS_FOLDER_PATH}/RxRelay.framework",
				"${TARGET_BUILD_DIR}/${FRAMEWORKS_FOLDER_PATH}/RxSwift.framework",
				"${TARGET_BUILD_DIR}/${FRAMEWORKS_FOLDER_PATH}/SDWebImage.framework",
				"${TARGET_BUILD_DIR}/${FRAMEWORKS_FOLDER_PATH}/SocketIO.framework",
				"${TARGET_BUILD_DIR}/${FRAMEWORKS_FOLDER_PATH}/Starscream.framework",
				"${TARGET_BUILD_DIR}/${FRAMEWORKS_FOLDER_PATH}/Swinject.framework",
				"${TARGET_BUILD_DIR}/${FRAMEWORKS_FOLDER_PATH}/SwinjectStoryboard.framework",
				"${TARGET_BUILD_DIR}/${FRAMEWORKS_FOLDER_PATH}/nanopb.framework",
				"${TARGET_BUILD_DIR}/${FRAMEWORKS_FOLDER_PATH}/MeetingDoctorsController.framework",
				"${TARGET_BUILD_DIR}/${FRAMEWORKS_FOLDER_PATH}/MeetingDoctorsCore.framework",
				"${TARGET_BUILD_DIR}/${FRAMEWORKS_FOLDER_PATH}/MeetingDoctorsRemote.framework",
				"${TARGET_BUILD_DIR}/${FRAMEWORKS_FOLDER_PATH}/MeetingDoctorsSchema.framework",
				"${TARGET_BUILD_DIR}/${FRAMEWORKS_FOLDER_PATH}/MeetingDoctorsSocket.framework",
				"${TARGET_BUILD_DIR}/${FRAMEWORKS_FOLDER_PATH}/MeetingDoctorsStorage.framework",
				"${TARGET_BUILD_DIR}/${FRAMEWORKS_FOLDER_PATH}/MeetingDoctorsSDK.framework",
			);
			runOnlyForDeploymentPostprocessing = 0;
			shellPath = /bin/sh;
			shellScript = "\"${PODS_ROOT}/Target Support Files/Pods-MDSwiftExampleApp/Pods-MDSwiftExampleApp-frameworks.sh\"\n";
			showEnvVarsInLog = 0;
		};
		69BC17DB1FBC8C8A0025CC42 /* ShellScript */ = {
			isa = PBXShellScriptBuildPhase;
			buildActionMask = 2147483647;
			files = (
			);
			inputPaths = (
				"$TEMP_DIR/rswift-lastrun",
			);
			outputPaths = (
				"${SRCROOT}/MDSwiftExampleApp/MDSwiftExampleApp/Resources/Generated/R.generated.swift",
			);
			runOnlyForDeploymentPostprocessing = 0;
			shellPath = /bin/sh;
			shellScript = "echo 'Generating R files'\n\"${PODS_ROOT}/R.swift/rswift\" generate \"${SRCROOT}/MDSwiftExampleApp/MDSwiftExampleApp/Resources/Generated/R.generated.swift\"\n";
		};
		737366FBE0FC87558A4FC5D6 /* [CP] Check Pods Manifest.lock */ = {
			isa = PBXShellScriptBuildPhase;
			buildActionMask = 2147483647;
			files = (
			);
			inputFileListPaths = (
			);
			inputPaths = (
				"${PODS_PODFILE_DIR_PATH}/Podfile.lock",
				"${PODS_ROOT}/Manifest.lock",
			);
			name = "[CP] Check Pods Manifest.lock";
			outputFileListPaths = (
			);
			outputPaths = (
				"$(DERIVED_FILE_DIR)/Pods-MDSwiftExampleAppUITests-checkManifestLockResult.txt",
			);
			runOnlyForDeploymentPostprocessing = 0;
			shellPath = /bin/sh;
			shellScript = "diff \"${PODS_PODFILE_DIR_PATH}/Podfile.lock\" \"${PODS_ROOT}/Manifest.lock\" > /dev/null\nif [ $? != 0 ] ; then\n    # print error to STDERR\n    echo \"error: The sandbox is not in sync with the Podfile.lock. Run 'pod install' or update your CocoaPods installation.\" >&2\n    exit 1\nfi\n# This output is used by Xcode 'outputs' to avoid re-running this script phase.\necho \"SUCCESS\" > \"${SCRIPT_OUTPUT_FILE_0}\"\n";
			showEnvVarsInLog = 0;
		};
		856DAE221EF7D6D1876B93CE /* [CP] Check Pods Manifest.lock */ = {
			isa = PBXShellScriptBuildPhase;
			buildActionMask = 2147483647;
			files = (
			);
			inputFileListPaths = (
			);
			inputPaths = (
				"${PODS_PODFILE_DIR_PATH}/Podfile.lock",
				"${PODS_ROOT}/Manifest.lock",
			);
			name = "[CP] Check Pods Manifest.lock";
			outputFileListPaths = (
			);
			outputPaths = (
				"$(DERIVED_FILE_DIR)/Pods-MDSwiftExampleAppTests-checkManifestLockResult.txt",
			);
			runOnlyForDeploymentPostprocessing = 0;
			shellPath = /bin/sh;
			shellScript = "diff \"${PODS_PODFILE_DIR_PATH}/Podfile.lock\" \"${PODS_ROOT}/Manifest.lock\" > /dev/null\nif [ $? != 0 ] ; then\n    # print error to STDERR\n    echo \"error: The sandbox is not in sync with the Podfile.lock. Run 'pod install' or update your CocoaPods installation.\" >&2\n    exit 1\nfi\n# This output is used by Xcode 'outputs' to avoid re-running this script phase.\necho \"SUCCESS\" > \"${SCRIPT_OUTPUT_FILE_0}\"\n";
			showEnvVarsInLog = 0;
		};
		939BA2ABDD891E88B278595C /* [CP] Check Pods Manifest.lock */ = {
			isa = PBXShellScriptBuildPhase;
			buildActionMask = 2147483647;
			files = (
			);
			inputFileListPaths = (
			);
			inputPaths = (
				"${PODS_PODFILE_DIR_PATH}/Podfile.lock",
				"${PODS_ROOT}/Manifest.lock",
			);
			name = "[CP] Check Pods Manifest.lock";
			outputFileListPaths = (
			);
			outputPaths = (
				"$(DERIVED_FILE_DIR)/Pods-MDSwiftExampleApp-checkManifestLockResult.txt",
			);
			runOnlyForDeploymentPostprocessing = 0;
			shellPath = /bin/sh;
			shellScript = "diff \"${PODS_PODFILE_DIR_PATH}/Podfile.lock\" \"${PODS_ROOT}/Manifest.lock\" > /dev/null\nif [ $? != 0 ] ; then\n    # print error to STDERR\n    echo \"error: The sandbox is not in sync with the Podfile.lock. Run 'pod install' or update your CocoaPods installation.\" >&2\n    exit 1\nfi\n# This output is used by Xcode 'outputs' to avoid re-running this script phase.\necho \"SUCCESS\" > \"${SCRIPT_OUTPUT_FILE_0}\"\n";
			showEnvVarsInLog = 0;
		};
/* End PBXShellScriptBuildPhase section */

/* Begin PBXSourcesBuildPhase section */
		69BC17821FBC83380025CC42 /* Sources */ = {
			isa = PBXSourcesBuildPhase;
			buildActionMask = 2147483647;
			files = (
				69BC17BB1FBC8B6C0025CC42 /* ViewController.swift in Sources */,
				7E225C1E26DCC15000D54957 /* TabBarMenuViewController.swift in Sources */,
				7E225C2A26DCC5AC00D54957 /* MDSwiftExampleAppPlugin.swift in Sources */,
				7E1C291126E0BADF0053401E /* UIImage+Extension.swift in Sources */,
				7E1C28E026E0B5300053401E /* UIColor+Extension.swift in Sources */,
				6D74245026E5FBCA0095EB79 /* MeetingDoctors+Credentials.swift in Sources */,
				7E7D6BE926F3458500871DAD /* NotificationApplicationDelegate.swift in Sources */,
				7E7D6BCB26F33C0C00871DAD /* FirebaseApplicationDelegate.swift in Sources */,
				69BC178A1FBC83380025CC42 /* AppDelegate.swift in Sources */,
				7E1C299D26E1058F0053401E /* DividerContentView.swift in Sources */,
				7E1C292626E0E3DD0053401E /* DividerTopContentView.swift in Sources */,
				69BC17DD1FBC8DB20025CC42 /* R.generated.swift in Sources */,
				7E6C710E26CFAD8900DC46E9 /* MenuOptionSelectorTableViewModel.swift in Sources */,
				7E5C3A7826CEA7920057DBAD /* MenuOptionSelectorTableViewController.swift in Sources */,
				7EEAC5B826DE365300AC98C1 /* VideoCallViewController.swift in Sources */,
				7E806C3E26C6497A0028EDE7 /* MenuTypeSelectorViewController.swift in Sources */,
			);
			runOnlyForDeploymentPostprocessing = 0;
		};
		69BC17961FBC83380025CC42 /* Sources */ = {
			isa = PBXSourcesBuildPhase;
			buildActionMask = 2147483647;
			files = (
				69BC17BC1FBC8B6C0025CC42 /* ViewController.swift in Sources */,
				69BC179F1FBC83380025CC42 /* MDSwiftExampleAppTests.swift in Sources */,
				69BC17DE1FBC8DB20025CC42 /* R.generated.swift in Sources */,
			);
			runOnlyForDeploymentPostprocessing = 0;
		};
		69BC17A11FBC83380025CC42 /* Sources */ = {
			isa = PBXSourcesBuildPhase;
			buildActionMask = 2147483647;
			files = (
				69BC17BD1FBC8B6C0025CC42 /* ViewController.swift in Sources */,
				69BC17AA1FBC83380025CC42 /* MDSwiftExampleAppUITests.swift in Sources */,
				69BC17DF1FBC8DB20025CC42 /* R.generated.swift in Sources */,
			);
			runOnlyForDeploymentPostprocessing = 0;
		};
/* End PBXSourcesBuildPhase section */

/* Begin PBXTargetDependency section */
		69BC179C1FBC83380025CC42 /* PBXTargetDependency */ = {
			isa = PBXTargetDependency;
			target = 69BC17851FBC83380025CC42 /* MDSwiftExampleApp */;
			targetProxy = 69BC179B1FBC83380025CC42 /* PBXContainerItemProxy */;
		};
		69BC17A71FBC83380025CC42 /* PBXTargetDependency */ = {
			isa = PBXTargetDependency;
			target = 69BC17851FBC83380025CC42 /* MDSwiftExampleApp */;
			targetProxy = 69BC17A61FBC83380025CC42 /* PBXContainerItemProxy */;
		};
/* End PBXTargetDependency section */

/* Begin PBXVariantGroup section */
		69BC17C01FBC8B980025CC42 /* LaunchScreen.storyboard */ = {
			isa = PBXVariantGroup;
			children = (
				69BC17C11FBC8B980025CC42 /* Base */,
				69BC17D71FBC8BDC0025CC42 /* es */,
			);
			name = LaunchScreen.storyboard;
			sourceTree = "<group>";
		};
		69BC17C21FBC8B980025CC42 /* Main.storyboard */ = {
			isa = PBXVariantGroup;
			children = (
				69BC17C31FBC8B980025CC42 /* Base */,
				69BC17D81FBC8BDC0025CC42 /* es */,
			);
			name = Main.storyboard;
			sourceTree = "<group>";
		};
		69BC17D61FBC8BC20025CC42 /* Localizable.strings */ = {
			isa = PBXVariantGroup;
			children = (
				69BC17D51FBC8BC20025CC42 /* en */,
				69BC17D91FBC8BDD0025CC42 /* es */,
			);
			name = Localizable.strings;
			sourceTree = "<group>";
		};
/* End PBXVariantGroup section */

/* Begin XCBuildConfiguration section */
		69BC17AC1FBC83380025CC42 /* Debug */ = {
			isa = XCBuildConfiguration;
			buildSettings = {
				ALWAYS_SEARCH_USER_PATHS = NO;
				BUILD_LIBRARY_FOR_DISTRIBUTION = YES;
				CLANG_ANALYZER_LOCALIZABILITY_NONLOCALIZED = YES;
				CLANG_ANALYZER_NONNULL = YES;
				CLANG_ANALYZER_NUMBER_OBJECT_CONVERSION = YES_AGGRESSIVE;
				CLANG_CXX_LANGUAGE_STANDARD = "gnu++14";
				CLANG_CXX_LIBRARY = "libc++";
				CLANG_ENABLE_MODULES = YES;
				CLANG_ENABLE_OBJC_ARC = YES;
				CLANG_WARN_BLOCK_CAPTURE_AUTORELEASING = YES;
				CLANG_WARN_BOOL_CONVERSION = YES;
				CLANG_WARN_COMMA = YES;
				CLANG_WARN_CONSTANT_CONVERSION = YES;
				CLANG_WARN_DEPRECATED_OBJC_IMPLEMENTATIONS = YES;
				CLANG_WARN_DIRECT_OBJC_ISA_USAGE = YES_ERROR;
				CLANG_WARN_DOCUMENTATION_COMMENTS = YES;
				CLANG_WARN_EMPTY_BODY = YES;
				CLANG_WARN_ENUM_CONVERSION = YES;
				CLANG_WARN_INFINITE_RECURSION = YES;
				CLANG_WARN_INT_CONVERSION = YES;
				CLANG_WARN_NON_LITERAL_NULL_CONVERSION = YES;
				CLANG_WARN_OBJC_IMPLICIT_RETAIN_SELF = YES;
				CLANG_WARN_OBJC_LITERAL_CONVERSION = YES;
				CLANG_WARN_OBJC_ROOT_CLASS = YES_ERROR;
				CLANG_WARN_RANGE_LOOP_ANALYSIS = YES;
				CLANG_WARN_STRICT_PROTOTYPES = YES;
				CLANG_WARN_SUSPICIOUS_MOVE = YES;
				CLANG_WARN_UNGUARDED_AVAILABILITY = YES_AGGRESSIVE;
				CLANG_WARN_UNREACHABLE_CODE = YES;
				CLANG_WARN__DUPLICATE_METHOD_MATCH = YES;
				CODE_SIGN_IDENTITY = "iPhone Developer";
				COPY_PHASE_STRIP = NO;
				DEBUG_INFORMATION_FORMAT = dwarf;
				ENABLE_STRICT_OBJC_MSGSEND = YES;
				ENABLE_TESTABILITY = YES;
				GCC_C_LANGUAGE_STANDARD = gnu11;
				GCC_DYNAMIC_NO_PIC = NO;
				GCC_NO_COMMON_BLOCKS = YES;
				GCC_OPTIMIZATION_LEVEL = 0;
				GCC_PREPROCESSOR_DEFINITIONS = (
					"DEBUG=1",
					"$(inherited)",
				);
				GCC_WARN_64_TO_32_BIT_CONVERSION = YES;
				GCC_WARN_ABOUT_RETURN_TYPE = YES_ERROR;
				GCC_WARN_UNDECLARED_SELECTOR = YES;
				GCC_WARN_UNINITIALIZED_AUTOS = YES_AGGRESSIVE;
				GCC_WARN_UNUSED_FUNCTION = YES;
				GCC_WARN_UNUSED_VARIABLE = YES;
				IPHONEOS_DEPLOYMENT_TARGET = 10.0;
				MTL_ENABLE_DEBUG_INFO = YES;
				ONLY_ACTIVE_ARCH = YES;
				SDKROOT = iphoneos;
				SWIFT_ACTIVE_COMPILATION_CONDITIONS = DEBUG;
				SWIFT_OPTIMIZATION_LEVEL = "-Onone";
			};
			name = Debug;
		};
		69BC17AD1FBC83380025CC42 /* Release */ = {
			isa = XCBuildConfiguration;
			buildSettings = {
				ALWAYS_SEARCH_USER_PATHS = NO;
				BUILD_LIBRARY_FOR_DISTRIBUTION = YES;
				CLANG_ANALYZER_LOCALIZABILITY_NONLOCALIZED = YES;
				CLANG_ANALYZER_NONNULL = YES;
				CLANG_ANALYZER_NUMBER_OBJECT_CONVERSION = YES_AGGRESSIVE;
				CLANG_CXX_LANGUAGE_STANDARD = "gnu++14";
				CLANG_CXX_LIBRARY = "libc++";
				CLANG_ENABLE_MODULES = YES;
				CLANG_ENABLE_OBJC_ARC = YES;
				CLANG_WARN_BLOCK_CAPTURE_AUTORELEASING = YES;
				CLANG_WARN_BOOL_CONVERSION = YES;
				CLANG_WARN_COMMA = YES;
				CLANG_WARN_CONSTANT_CONVERSION = YES;
				CLANG_WARN_DEPRECATED_OBJC_IMPLEMENTATIONS = YES;
				CLANG_WARN_DIRECT_OBJC_ISA_USAGE = YES_ERROR;
				CLANG_WARN_DOCUMENTATION_COMMENTS = YES;
				CLANG_WARN_EMPTY_BODY = YES;
				CLANG_WARN_ENUM_CONVERSION = YES;
				CLANG_WARN_INFINITE_RECURSION = YES;
				CLANG_WARN_INT_CONVERSION = YES;
				CLANG_WARN_NON_LITERAL_NULL_CONVERSION = YES;
				CLANG_WARN_OBJC_IMPLICIT_RETAIN_SELF = YES;
				CLANG_WARN_OBJC_LITERAL_CONVERSION = YES;
				CLANG_WARN_OBJC_ROOT_CLASS = YES_ERROR;
				CLANG_WARN_RANGE_LOOP_ANALYSIS = YES;
				CLANG_WARN_STRICT_PROTOTYPES = YES;
				CLANG_WARN_SUSPICIOUS_MOVE = YES;
				CLANG_WARN_UNGUARDED_AVAILABILITY = YES_AGGRESSIVE;
				CLANG_WARN_UNREACHABLE_CODE = YES;
				CLANG_WARN__DUPLICATE_METHOD_MATCH = YES;
				CODE_SIGN_IDENTITY = "iPhone Developer";
				COPY_PHASE_STRIP = NO;
				DEBUG_INFORMATION_FORMAT = "dwarf-with-dsym";
				ENABLE_NS_ASSERTIONS = NO;
				ENABLE_STRICT_OBJC_MSGSEND = YES;
				GCC_C_LANGUAGE_STANDARD = gnu11;
				GCC_NO_COMMON_BLOCKS = YES;
				GCC_WARN_64_TO_32_BIT_CONVERSION = YES;
				GCC_WARN_ABOUT_RETURN_TYPE = YES_ERROR;
				GCC_WARN_UNDECLARED_SELECTOR = YES;
				GCC_WARN_UNINITIALIZED_AUTOS = YES_AGGRESSIVE;
				GCC_WARN_UNUSED_FUNCTION = YES;
				GCC_WARN_UNUSED_VARIABLE = YES;
				IPHONEOS_DEPLOYMENT_TARGET = 10.0;
				MTL_ENABLE_DEBUG_INFO = NO;
				SDKROOT = iphoneos;
				SWIFT_OPTIMIZATION_LEVEL = "-Owholemodule";
				VALIDATE_PRODUCT = YES;
			};
			name = Release;
		};
		69BC17AF1FBC83380025CC42 /* Debug */ = {
			isa = XCBuildConfiguration;
			baseConfigurationReference = A798688047C83281E86D3E7F /* Pods-MDSwiftExampleApp.debug.xcconfig */;
			buildSettings = {
				ASSETCATALOG_COMPILER_APPICON_NAME = AppIcon;
				CODE_SIGN_ENTITLEMENTS = MDSwiftExampleApp/MDSwiftExampleAppDebug.entitlements;
				CODE_SIGN_STYLE = Automatic;
				DEVELOPMENT_TEAM = 7386W3K6BN;
				INFOPLIST_FILE = MDSwiftExampleApp/Info.plist;
				IPHONEOS_DEPLOYMENT_TARGET = 11.0;
				LD_RUNPATH_SEARCH_PATHS = "$(inherited) @executable_path/Frameworks";
				PRODUCT_BUNDLE_IDENTIFIER = com.proyectoejemplo.main;
				PRODUCT_NAME = "$(TARGET_NAME)";
				SWIFT_VERSION = 4.2;
				TARGETED_DEVICE_FAMILY = 1;
			};
			name = Debug;
		};
		69BC17B01FBC83380025CC42 /* Release */ = {
			isa = XCBuildConfiguration;
			baseConfigurationReference = A4B558818098AC3C2C18D707 /* Pods-MDSwiftExampleApp.release.xcconfig */;
			buildSettings = {
				ASSETCATALOG_COMPILER_APPICON_NAME = AppIcon;
				CODE_SIGN_STYLE = Automatic;
				DEVELOPMENT_TEAM = 7386W3K6BN;
				INFOPLIST_FILE = MDSwiftExampleApp/Info.plist;
				IPHONEOS_DEPLOYMENT_TARGET = 11.0;
				LD_RUNPATH_SEARCH_PATHS = "$(inherited) @executable_path/Frameworks";
				PRODUCT_BUNDLE_IDENTIFIER = com.proyectoejemplo.main;
				PRODUCT_NAME = "$(TARGET_NAME)";
				SWIFT_VERSION = 4.2;
				TARGETED_DEVICE_FAMILY = 1;
			};
			name = Release;
		};
		69BC17B21FBC83380025CC42 /* Debug */ = {
			isa = XCBuildConfiguration;
			baseConfigurationReference = 99BE074AD24E4EE6161FAF52 /* Pods-MDSwiftExampleAppTests.debug.xcconfig */;
			buildSettings = {
				ALWAYS_EMBED_SWIFT_STANDARD_LIBRARIES = YES;
				BUNDLE_LOADER = "$(TEST_HOST)";
				CODE_SIGN_STYLE = Automatic;
				INFOPLIST_FILE = MDSwiftExampleAppTests/Info.plist;
				LD_RUNPATH_SEARCH_PATHS = "$(inherited) @executable_path/Frameworks @loader_path/Frameworks";
				PRODUCT_BUNDLE_IDENTIFIER = com.proyectoejemplo.app.tests;
				PRODUCT_NAME = "$(TARGET_NAME)";
				SWIFT_VERSION = 4.0;
				TARGETED_DEVICE_FAMILY = "1,2";
				TEST_HOST = "$(BUILT_PRODUCTS_DIR)/Mediquo Swift Example App.app/Mediquo Swift Example App";
			};
			name = Debug;
		};
		69BC17B31FBC83380025CC42 /* Release */ = {
			isa = XCBuildConfiguration;
			baseConfigurationReference = 195F9FB385249C1D333C2D70 /* Pods-MDSwiftExampleAppTests.release.xcconfig */;
			buildSettings = {
				ALWAYS_EMBED_SWIFT_STANDARD_LIBRARIES = YES;
				BUNDLE_LOADER = "$(TEST_HOST)";
				CODE_SIGN_STYLE = Automatic;
				INFOPLIST_FILE = MDSwiftExampleAppTests/Info.plist;
				LD_RUNPATH_SEARCH_PATHS = "$(inherited) @executable_path/Frameworks @loader_path/Frameworks";
				PRODUCT_BUNDLE_IDENTIFIER = com.proyectoejemplo.app.tests;
				PRODUCT_NAME = "$(TARGET_NAME)";
				SWIFT_VERSION = 4.0;
				TARGETED_DEVICE_FAMILY = "1,2";
				TEST_HOST = "$(BUILT_PRODUCTS_DIR)/Mediquo Swift Example App.app/Mediquo Swift Example App";
			};
			name = Release;
		};
		69BC17B51FBC83380025CC42 /* Debug */ = {
			isa = XCBuildConfiguration;
			baseConfigurationReference = 8C64D72EB5408720407AE7D6 /* Pods-MDSwiftExampleAppUITests.debug.xcconfig */;
			buildSettings = {
				ALWAYS_EMBED_SWIFT_STANDARD_LIBRARIES = YES;
				CODE_SIGN_STYLE = Automatic;
				INFOPLIST_FILE = MDSwiftExampleAppUITests/Info.plist;
				LD_RUNPATH_SEARCH_PATHS = "$(inherited) @executable_path/Frameworks @loader_path/Frameworks";
				PRODUCT_BUNDLE_IDENTIFIER = com.proyectoejemplo.app.ui.tests;
				PRODUCT_NAME = "$(TARGET_NAME)";
				SWIFT_VERSION = 4.0;
				TARGETED_DEVICE_FAMILY = "1,2";
				TEST_TARGET_NAME = MDSwiftExampleApp;
			};
			name = Debug;
		};
		69BC17B61FBC83380025CC42 /* Release */ = {
			isa = XCBuildConfiguration;
			baseConfigurationReference = FC7FD0D0053530719976274B /* Pods-MDSwiftExampleAppUITests.release.xcconfig */;
			buildSettings = {
				ALWAYS_EMBED_SWIFT_STANDARD_LIBRARIES = YES;
				CODE_SIGN_STYLE = Automatic;
				INFOPLIST_FILE = MDSwiftExampleAppUITests/Info.plist;
				LD_RUNPATH_SEARCH_PATHS = "$(inherited) @executable_path/Frameworks @loader_path/Frameworks";
				PRODUCT_BUNDLE_IDENTIFIER = com.proyectoejemplo.app.ui.tests;
				PRODUCT_NAME = "$(TARGET_NAME)";
				SWIFT_VERSION = 4.0;
				TARGETED_DEVICE_FAMILY = "1,2";
				TEST_TARGET_NAME = MDSwiftExampleApp;
			};
			name = Release;
		};
/* End XCBuildConfiguration section */

/* Begin XCConfigurationList section */
		69BC17811FBC83380025CC42 /* Build configuration list for PBXProject "MDSwiftExampleApp" */ = {
			isa = XCConfigurationList;
			buildConfigurations = (
				69BC17AC1FBC83380025CC42 /* Debug */,
				69BC17AD1FBC83380025CC42 /* Release */,
			);
			defaultConfigurationIsVisible = 0;
			defaultConfigurationName = Release;
		};
		69BC17AE1FBC83380025CC42 /* Build configuration list for PBXNativeTarget "MDSwiftExampleApp" */ = {
			isa = XCConfigurationList;
			buildConfigurations = (
				69BC17AF1FBC83380025CC42 /* Debug */,
				69BC17B01FBC83380025CC42 /* Release */,
			);
			defaultConfigurationIsVisible = 0;
			defaultConfigurationName = Release;
		};
		69BC17B11FBC83380025CC42 /* Build configuration list for PBXNativeTarget "MDSwiftExampleAppTests" */ = {
			isa = XCConfigurationList;
			buildConfigurations = (
				69BC17B21FBC83380025CC42 /* Debug */,
				69BC17B31FBC83380025CC42 /* Release */,
			);
			defaultConfigurationIsVisible = 0;
			defaultConfigurationName = Release;
		};
		69BC17B41FBC83380025CC42 /* Build configuration list for PBXNativeTarget "MDSwiftExampleAppUITests" */ = {
			isa = XCConfigurationList;
			buildConfigurations = (
				69BC17B51FBC83380025CC42 /* Debug */,
				69BC17B61FBC83380025CC42 /* Release */,
			);
			defaultConfigurationIsVisible = 0;
			defaultConfigurationName = Release;
		};
/* End XCConfigurationList section */
	};
	rootObject = 69BC177E1FBC83380025CC42 /* Project object */;
}
